// !$*UTF8*$!
{
	archiveVersion = 1;
	classes = {
	};
	objectVersion = 50;
	objects = {

/* Begin PBXBuildFile section */
		B13CEFC82540FAF900957E84 /* AppDelegate.swift in Sources */ = {isa = PBXBuildFile; fileRef = B13CEFC72540FAF900957E84 /* AppDelegate.swift */; };
		B13CEFCA2540FAF900957E84 /* SceneDelegate.swift in Sources */ = {isa = PBXBuildFile; fileRef = B13CEFC92540FAF900957E84 /* SceneDelegate.swift */; };
		B13CEFCC2540FAF900957E84 /* ViewController.swift in Sources */ = {isa = PBXBuildFile; fileRef = B13CEFCB2540FAF900957E84 /* ViewController.swift */; };
		B13CEFCF2540FAF900957E84 /* Main.storyboard in Resources */ = {isa = PBXBuildFile; fileRef = B13CEFCD2540FAF900957E84 /* Main.storyboard */; };
		B13CEFD12540FAFB00957E84 /* Assets.xcassets in Resources */ = {isa = PBXBuildFile; fileRef = B13CEFD02540FAFB00957E84 /* Assets.xcassets */; };
		B13CEFD42540FAFB00957E84 /* LaunchScreen.storyboard in Resources */ = {isa = PBXBuildFile; fileRef = B13CEFD22540FAFB00957E84 /* LaunchScreen.storyboard */; };
		B13CEFDF2540FD7A00957E84 /* RestfulAPI.swift in Sources */ = {isa = PBXBuildFile; fileRef = B13CEFDE2540FD7A00957E84 /* RestfulAPI.swift */; };
		B13CEFE32540FDC900957E84 /* RestfulModel.swift in Sources */ = {isa = PBXBuildFile; fileRef = B13CEFE22540FDC900957E84 /* RestfulModel.swift */; };
		B13CEFE625410B6F00957E84 /* NetworkExtension.swift in Sources */ = {isa = PBXBuildFile; fileRef = B13CEFE525410B6F00957E84 /* NetworkExtension.swift */; };
		B13CEFE925410BA100957E84 /* NetworkRequestTask.swift in Sources */ = {isa = PBXBuildFile; fileRef = B13CEFE825410BA100957E84 /* NetworkRequestTask.swift */; };
		B13CEFED25410C9000957E84 /* ImageLoader.swift in Sources */ = {isa = PBXBuildFile; fileRef = B13CEFEC25410C9000957E84 /* ImageLoader.swift */; };
		B13CEFF125410D1500957E84 /* ImageExtension.swift in Sources */ = {isa = PBXBuildFile; fileRef = B13CEFF025410D1500957E84 /* ImageExtension.swift */; };
		B13CEFF425410D2B00957E84 /* ImagePicker.swift in Sources */ = {isa = PBXBuildFile; fileRef = B13CEFF325410D2B00957E84 /* ImagePicker.swift */; };
		B13CEFF825410D5F00957E84 /* UITextFieldHelper.swift in Sources */ = {isa = PBXBuildFile; fileRef = B13CEFF725410D5F00957E84 /* UITextFieldHelper.swift */; };
		B13CEFFC25410D7400957E84 /* ToastHelper.swift in Sources */ = {isa = PBXBuildFile; fileRef = B13CEFFB25410D7400957E84 /* ToastHelper.swift */; };
		B13CEFFF25410D9200957E84 /* AlertControllerHelper.swift in Sources */ = {isa = PBXBuildFile; fileRef = B13CEFFE25410D9200957E84 /* AlertControllerHelper.swift */; };
		B13CF0072541A8F200957E84 /* SpeedAlertView.xib in Resources */ = {isa = PBXBuildFile; fileRef = B13CF0062541A8F200957E84 /* SpeedAlertView.xib */; };
		B13CF00A2541A9B700957E84 /* SpeedAlertView.swift in Sources */ = {isa = PBXBuildFile; fileRef = B13CF0092541A9B700957E84 /* SpeedAlertView.swift */; };
		B13CF00E2541AA2000957E84 /* HomeViewController.swift in Sources */ = {isa = PBXBuildFile; fileRef = B13CF00D2541AA2000957E84 /* HomeViewController.swift */; };
		B170FC6E25428CC20086F1D9 /* BaseUIView.swift in Sources */ = {isa = PBXBuildFile; fileRef = B170FC6D25428CC20086F1D9 /* BaseUIView.swift */; };
		B170FC74254290D00086F1D9 /* SpeedNotificationView.swift in Sources */ = {isa = PBXBuildFile; fileRef = B170FC73254290D00086F1D9 /* SpeedNotificationView.swift */; };
		B170FC77254290D90086F1D9 /* SpeedNotificationView.xib in Resources */ = {isa = PBXBuildFile; fileRef = B170FC76254290D90086F1D9 /* SpeedNotificationView.xib */; };
		B170FC7E254291B60086F1D9 /* SpeedLimitView.swift in Sources */ = {isa = PBXBuildFile; fileRef = B170FC7D254291B60086F1D9 /* SpeedLimitView.swift */; };
		B170FC812542B40F0086F1D9 /* CurrentSpeedInformationView.xib in Resources */ = {isa = PBXBuildFile; fileRef = B170FC802542B40F0086F1D9 /* CurrentSpeedInformationView.xib */; };
		B1AB3A752542B70D0082B004 /* CurrentSpeedInformationView.swift in Sources */ = {isa = PBXBuildFile; fileRef = B1AB3A742542B70D0082B004 /* CurrentSpeedInformationView.swift */; };
		B1AB3A782542B9480082B004 /* RoadInformationViewController.swift in Sources */ = {isa = PBXBuildFile; fileRef = B1AB3A772542B9480082B004 /* RoadInformationViewController.swift */; };
		B1AB3A7B2542BC4A0082B004 /* BaseNetworkRequestControllerProtocol.swift in Sources */ = {isa = PBXBuildFile; fileRef = B1AB3A7A2542BC4A0082B004 /* BaseNetworkRequestControllerProtocol.swift */; };
		E40D975C254437E90012DAB6 /* SearchAddressBottomCard.xib in Resources */ = {isa = PBXBuildFile; fileRef = E40D975B254437E90012DAB6 /* SearchAddressBottomCard.xib */; };
		E40D975F254438150012DAB6 /* SearchAddressBottomCard.swift in Sources */ = {isa = PBXBuildFile; fileRef = E40D975E254438150012DAB6 /* SearchAddressBottomCard.swift */; };
/* End PBXBuildFile section */

/* Begin PBXFileReference section */
		B13CEFC42540FAF900957E84 /* FIT5140Assignment3iOS.app */ = {isa = PBXFileReference; explicitFileType = wrapper.application; includeInIndex = 0; path = FIT5140Assignment3iOS.app; sourceTree = BUILT_PRODUCTS_DIR; };
		B13CEFC72540FAF900957E84 /* AppDelegate.swift */ = {isa = PBXFileReference; lastKnownFileType = sourcecode.swift; path = AppDelegate.swift; sourceTree = "<group>"; };
		B13CEFC92540FAF900957E84 /* SceneDelegate.swift */ = {isa = PBXFileReference; lastKnownFileType = sourcecode.swift; path = SceneDelegate.swift; sourceTree = "<group>"; };
		B13CEFCB2540FAF900957E84 /* ViewController.swift */ = {isa = PBXFileReference; lastKnownFileType = sourcecode.swift; path = ViewController.swift; sourceTree = "<group>"; };
		B13CEFCE2540FAF900957E84 /* Base */ = {isa = PBXFileReference; lastKnownFileType = file.storyboard; name = Base; path = Base.lproj/Main.storyboard; sourceTree = "<group>"; };
		B13CEFD02540FAFB00957E84 /* Assets.xcassets */ = {isa = PBXFileReference; lastKnownFileType = folder.assetcatalog; path = Assets.xcassets; sourceTree = "<group>"; };
		B13CEFD32540FAFB00957E84 /* Base */ = {isa = PBXFileReference; lastKnownFileType = file.storyboard; name = Base; path = Base.lproj/LaunchScreen.storyboard; sourceTree = "<group>"; };
		B13CEFD52540FAFB00957E84 /* Info.plist */ = {isa = PBXFileReference; lastKnownFileType = text.plist.xml; path = Info.plist; sourceTree = "<group>"; };
		B13CEFDE2540FD7A00957E84 /* RestfulAPI.swift */ = {isa = PBXFileReference; lastKnownFileType = sourcecode.swift; path = RestfulAPI.swift; sourceTree = "<group>"; };
		B13CEFE22540FDC900957E84 /* RestfulModel.swift */ = {isa = PBXFileReference; lastKnownFileType = sourcecode.swift; path = RestfulModel.swift; sourceTree = "<group>"; };
		B13CEFE525410B6F00957E84 /* NetworkExtension.swift */ = {isa = PBXFileReference; lastKnownFileType = sourcecode.swift; path = NetworkExtension.swift; sourceTree = "<group>"; };
		B13CEFE825410BA100957E84 /* NetworkRequestTask.swift */ = {isa = PBXFileReference; lastKnownFileType = sourcecode.swift; path = NetworkRequestTask.swift; sourceTree = "<group>"; };
		B13CEFEC25410C9000957E84 /* ImageLoader.swift */ = {isa = PBXFileReference; lastKnownFileType = sourcecode.swift; path = ImageLoader.swift; sourceTree = "<group>"; };
		B13CEFF025410D1500957E84 /* ImageExtension.swift */ = {isa = PBXFileReference; lastKnownFileType = sourcecode.swift; path = ImageExtension.swift; sourceTree = "<group>"; };
		B13CEFF325410D2B00957E84 /* ImagePicker.swift */ = {isa = PBXFileReference; lastKnownFileType = sourcecode.swift; path = ImagePicker.swift; sourceTree = "<group>"; };
		B13CEFF725410D5F00957E84 /* UITextFieldHelper.swift */ = {isa = PBXFileReference; lastKnownFileType = sourcecode.swift; path = UITextFieldHelper.swift; sourceTree = "<group>"; };
		B13CEFFB25410D7400957E84 /* ToastHelper.swift */ = {isa = PBXFileReference; lastKnownFileType = sourcecode.swift; path = ToastHelper.swift; sourceTree = "<group>"; };
		B13CEFFE25410D9200957E84 /* AlertControllerHelper.swift */ = {isa = PBXFileReference; lastKnownFileType = sourcecode.swift; path = AlertControllerHelper.swift; sourceTree = "<group>"; };
		B13CF0062541A8F200957E84 /* SpeedAlertView.xib */ = {isa = PBXFileReference; lastKnownFileType = file.xib; path = SpeedAlertView.xib; sourceTree = "<group>"; };
		B13CF0092541A9B700957E84 /* SpeedAlertView.swift */ = {isa = PBXFileReference; lastKnownFileType = sourcecode.swift; path = SpeedAlertView.swift; sourceTree = "<group>"; };
		B13CF00D2541AA2000957E84 /* HomeViewController.swift */ = {isa = PBXFileReference; lastKnownFileType = sourcecode.swift; path = HomeViewController.swift; sourceTree = "<group>"; };
		B170FC6D25428CC20086F1D9 /* BaseUIView.swift */ = {isa = PBXFileReference; lastKnownFileType = sourcecode.swift; path = BaseUIView.swift; sourceTree = "<group>"; };
		B170FC7025428F660086F1D9 /* FIT5140Assignment3iOS.entitlements */ = {isa = PBXFileReference; lastKnownFileType = text.plist.entitlements; path = FIT5140Assignment3iOS.entitlements; sourceTree = "<group>"; };
		B170FC73254290D00086F1D9 /* SpeedNotificationView.swift */ = {isa = PBXFileReference; lastKnownFileType = sourcecode.swift; path = SpeedNotificationView.swift; sourceTree = "<group>"; };
		B170FC76254290D90086F1D9 /* SpeedNotificationView.xib */ = {isa = PBXFileReference; lastKnownFileType = file.xib; path = SpeedNotificationView.xib; sourceTree = "<group>"; };
		B170FC7D254291B60086F1D9 /* SpeedLimitView.swift */ = {isa = PBXFileReference; lastKnownFileType = sourcecode.swift; path = SpeedLimitView.swift; sourceTree = "<group>"; };
		B170FC802542B40F0086F1D9 /* CurrentSpeedInformationView.xib */ = {isa = PBXFileReference; lastKnownFileType = file.xib; path = CurrentSpeedInformationView.xib; sourceTree = "<group>"; };
		B1AB3A742542B70D0082B004 /* CurrentSpeedInformationView.swift */ = {isa = PBXFileReference; lastKnownFileType = sourcecode.swift; path = CurrentSpeedInformationView.swift; sourceTree = "<group>"; };
		B1AB3A772542B9480082B004 /* RoadInformationViewController.swift */ = {isa = PBXFileReference; lastKnownFileType = sourcecode.swift; path = RoadInformationViewController.swift; sourceTree = "<group>"; };
		B1AB3A7A2542BC4A0082B004 /* BaseNetworkRequestControllerProtocol.swift */ = {isa = PBXFileReference; lastKnownFileType = sourcecode.swift; path = BaseNetworkRequestControllerProtocol.swift; sourceTree = "<group>"; };
		E40D975B254437E90012DAB6 /* SearchAddressBottomCard.xib */ = {isa = PBXFileReference; lastKnownFileType = file.xib; path = SearchAddressBottomCard.xib; sourceTree = "<group>"; };
		E40D975E254438150012DAB6 /* SearchAddressBottomCard.swift */ = {isa = PBXFileReference; lastKnownFileType = sourcecode.swift; path = SearchAddressBottomCard.swift; sourceTree = "<group>"; };
/* End PBXFileReference section */

/* Begin PBXFrameworksBuildPhase section */
		B13CEFC12540FAF900957E84 /* Frameworks */ = {
			isa = PBXFrameworksBuildPhase;
			buildActionMask = 2147483647;
			files = (
			);
			runOnlyForDeploymentPostprocessing = 0;
		};
/* End PBXFrameworksBuildPhase section */

/* Begin PBXGroup section */
		B13CEFBB2540FAF900957E84 = {
			isa = PBXGroup;
			children = (
				B13CEFC62540FAF900957E84 /* FIT5140Assignment3iOS */,
				B13CEFC52540FAF900957E84 /* Products */,
			);
			sourceTree = "<group>";
		};
		B13CEFC52540FAF900957E84 /* Products */ = {
			isa = PBXGroup;
			children = (
				B13CEFC42540FAF900957E84 /* FIT5140Assignment3iOS.app */,
			);
			name = Products;
			sourceTree = "<group>";
		};
		B13CEFC62540FAF900957E84 /* FIT5140Assignment3iOS */ = {
			isa = PBXGroup;
			children = (
				B170FC7025428F660086F1D9 /* FIT5140Assignment3iOS.entitlements */,
				B13CF00C2541A9FE00957E84 /* Controller */,
				B13CF0012541766000957E84 /* Views */,
				B13CEFF625410D4E00957E84 /* ControllerHelper */,
				B13CEFEB25410C8200957E84 /* ImageHelper */,
				B13CEFDC2540FD4A00957E84 /* Network */,
				B13CEFC72540FAF900957E84 /* AppDelegate.swift */,
				B13CEFC92540FAF900957E84 /* SceneDelegate.swift */,
				B13CEFCB2540FAF900957E84 /* ViewController.swift */,
				B13CEFCD2540FAF900957E84 /* Main.storyboard */,
				B13CEFD02540FAFB00957E84 /* Assets.xcassets */,
				B13CEFD22540FAFB00957E84 /* LaunchScreen.storyboard */,
				B13CEFD52540FAFB00957E84 /* Info.plist */,
			);
			path = FIT5140Assignment3iOS;
			sourceTree = "<group>";
		};
		B13CEFDC2540FD4A00957E84 /* Network */ = {
			isa = PBXGroup;
			children = (
				B1AB3A8B2544608D0082B004 /* Response */,
				B1AB3A8625445FD50082B004 /* RequestModel */,
				B13CEFDD2540FD5100957E84 /* Protocol */,
				B13CEFE525410B6F00957E84 /* NetworkExtension.swift */,
				B13CEFE825410BA100957E84 /* NetworkRequestTask.swift */,
			);
			path = Network;
			sourceTree = "<group>";
		};
		B13CEFDD2540FD5100957E84 /* Protocol */ = {
			isa = PBXGroup;
			children = (
				B13CEFDE2540FD7A00957E84 /* RestfulAPI.swift */,
				B13CEFE22540FDC900957E84 /* RestfulModel.swift */,
			);
			path = Protocol;
			sourceTree = "<group>";
		};
		B13CEFEB25410C8200957E84 /* ImageHelper */ = {
			isa = PBXGroup;
			children = (
				B13CEFEC25410C9000957E84 /* ImageLoader.swift */,
				B13CEFF025410D1500957E84 /* ImageExtension.swift */,
				B13CEFF325410D2B00957E84 /* ImagePicker.swift */,
			);
			path = ImageHelper;
			sourceTree = "<group>";
		};
		B13CEFF625410D4E00957E84 /* ControllerHelper */ = {
			isa = PBXGroup;
			children = (
				B13CEFF725410D5F00957E84 /* UITextFieldHelper.swift */,
				B13CEFFB25410D7400957E84 /* ToastHelper.swift */,
				B13CEFFE25410D9200957E84 /* AlertControllerHelper.swift */,
			);
			path = ControllerHelper;
			sourceTree = "<group>";
		};
		B13CF0012541766000957E84 /* Views */ = {
			isa = PBXGroup;
			children = (
				B13CF0062541A8F200957E84 /* SpeedAlertView.xib */,
				B13CF0092541A9B700957E84 /* SpeedAlertView.swift */,
				B170FC6D25428CC20086F1D9 /* BaseUIView.swift */,
				B170FC73254290D00086F1D9 /* SpeedNotificationView.swift */,
				B170FC76254290D90086F1D9 /* SpeedNotificationView.xib */,
				B170FC7D254291B60086F1D9 /* SpeedLimitView.swift */,
				B170FC802542B40F0086F1D9 /* CurrentSpeedInformationView.xib */,
				B1AB3A742542B70D0082B004 /* CurrentSpeedInformationView.swift */,
				E40D975B254437E90012DAB6 /* SearchAddressBottomCard.xib */,
				E40D975E254438150012DAB6 /* SearchAddressBottomCard.swift */,
			);
			path = Views;
			sourceTree = "<group>";
		};
		B13CF00C2541A9FE00957E84 /* Controller */ = {
			isa = PBXGroup;
			children = (
				B13CF00D2541AA2000957E84 /* HomeViewController.swift */,
				B1AB3A772542B9480082B004 /* RoadInformationViewController.swift */,
				B1AB3A7A2542BC4A0082B004 /* BaseNetworkRequestControllerProtocol.swift */,
			);
			path = Controller;
			sourceTree = "<group>";
		};
		B1AB3A8625445FD50082B004 /* RequestModel */ = {
			isa = PBXGroup;
			children = (
			);
			path = RequestModel;
			sourceTree = "<group>";
		};
		B1AB3A8B2544608D0082B004 /* Response */ = {
			isa = PBXGroup;
			children = (
			);
			path = Response;
			sourceTree = "<group>";
		};
/* End PBXGroup section */

/* Begin PBXNativeTarget section */
		B13CEFC32540FAF900957E84 /* FIT5140Assignment3iOS */ = {
			isa = PBXNativeTarget;
			buildConfigurationList = B13CEFD82540FAFB00957E84 /* Build configuration list for PBXNativeTarget "FIT5140Assignment3iOS" */;
			buildPhases = (
				B13CEFC02540FAF900957E84 /* Sources */,
				B13CEFC12540FAF900957E84 /* Frameworks */,
				B13CEFC22540FAF900957E84 /* Resources */,
			);
			buildRules = (
			);
			dependencies = (
			);
			name = FIT5140Assignment3iOS;
			productName = FIT5140Assignment3iOS;
			productReference = B13CEFC42540FAF900957E84 /* FIT5140Assignment3iOS.app */;
			productType = "com.apple.product-type.application";
		};
/* End PBXNativeTarget section */

/* Begin PBXProject section */
		B13CEFBC2540FAF900957E84 /* Project object */ = {
			isa = PBXProject;
			attributes = {
				LastSwiftUpdateCheck = 1210;
				LastUpgradeCheck = 1210;
				TargetAttributes = {
					B13CEFC32540FAF900957E84 = {
						CreatedOnToolsVersion = 12.1;
					};
				};
			};
			buildConfigurationList = B13CEFBF2540FAF900957E84 /* Build configuration list for PBXProject "FIT5140Assignment3iOS" */;
			compatibilityVersion = "Xcode 9.3";
			developmentRegion = en;
			hasScannedForEncodings = 0;
			knownRegions = (
				en,
				Base,
			);
			mainGroup = B13CEFBB2540FAF900957E84;
			productRefGroup = B13CEFC52540FAF900957E84 /* Products */;
			projectDirPath = "";
			projectRoot = "";
			targets = (
				B13CEFC32540FAF900957E84 /* FIT5140Assignment3iOS */,
			);
		};
/* End PBXProject section */

/* Begin PBXResourcesBuildPhase section */
		B13CEFC22540FAF900957E84 /* Resources */ = {
			isa = PBXResourcesBuildPhase;
			buildActionMask = 2147483647;
			files = (
				B170FC77254290D90086F1D9 /* SpeedNotificationView.xib in Resources */,
				B13CEFD42540FAFB00957E84 /* LaunchScreen.storyboard in Resources */,
				B13CEFD12540FAFB00957E84 /* Assets.xcassets in Resources */,
				B170FC812542B40F0086F1D9 /* CurrentSpeedInformationView.xib in Resources */,
				B13CEFCF2540FAF900957E84 /* Main.storyboard in Resources */,
				E40D975C254437E90012DAB6 /* SearchAddressBottomCard.xib in Resources */,
				B13CF0072541A8F200957E84 /* SpeedAlertView.xib in Resources */,
			);
			runOnlyForDeploymentPostprocessing = 0;
		};
/* End PBXResourcesBuildPhase section */

/* Begin PBXSourcesBuildPhase section */
		B13CEFC02540FAF900957E84 /* Sources */ = {
			isa = PBXSourcesBuildPhase;
			buildActionMask = 2147483647;
			files = (
				B13CEFCC2540FAF900957E84 /* ViewController.swift in Sources */,
				B13CEFE32540FDC900957E84 /* RestfulModel.swift in Sources */,
				B13CEFE625410B6F00957E84 /* NetworkExtension.swift in Sources */,
				B13CEFC82540FAF900957E84 /* AppDelegate.swift in Sources */,
				B170FC7E254291B60086F1D9 /* SpeedLimitView.swift in Sources */,
				B1AB3A782542B9480082B004 /* RoadInformationViewController.swift in Sources */,
				B1AB3A752542B70D0082B004 /* CurrentSpeedInformationView.swift in Sources */,
				E40D975F254438150012DAB6 /* SearchAddressBottomCard.swift in Sources */,
				B13CEFE925410BA100957E84 /* NetworkRequestTask.swift in Sources */,
				B13CF00E2541AA2000957E84 /* HomeViewController.swift in Sources */,
				B170FC74254290D00086F1D9 /* SpeedNotificationView.swift in Sources */,
				B13CEFF825410D5F00957E84 /* UITextFieldHelper.swift in Sources */,
				B13CEFDF2540FD7A00957E84 /* RestfulAPI.swift in Sources */,
				B13CEFFC25410D7400957E84 /* ToastHelper.swift in Sources */,
				B13CEFED25410C9000957E84 /* ImageLoader.swift in Sources */,
				B13CEFF425410D2B00957E84 /* ImagePicker.swift in Sources */,
				B13CEFF125410D1500957E84 /* ImageExtension.swift in Sources */,
				B13CEFFF25410D9200957E84 /* AlertControllerHelper.swift in Sources */,
				B13CEFCA2540FAF900957E84 /* SceneDelegate.swift in Sources */,
				B13CF00A2541A9B700957E84 /* SpeedAlertView.swift in Sources */,
				B1AB3A7B2542BC4A0082B004 /* BaseNetworkRequestControllerProtocol.swift in Sources */,
				B170FC6E25428CC20086F1D9 /* BaseUIView.swift in Sources */,
			);
			runOnlyForDeploymentPostprocessing = 0;
		};
/* End PBXSourcesBuildPhase section */

/* Begin PBXVariantGroup section */
		B13CEFCD2540FAF900957E84 /* Main.storyboard */ = {
			isa = PBXVariantGroup;
			children = (
				B13CEFCE2540FAF900957E84 /* Base */,
			);
			name = Main.storyboard;
			sourceTree = "<group>";
		};
		B13CEFD22540FAFB00957E84 /* LaunchScreen.storyboard */ = {
			isa = PBXVariantGroup;
			children = (
				B13CEFD32540FAFB00957E84 /* Base */,
			);
			name = LaunchScreen.storyboard;
			sourceTree = "<group>";
		};
/* End PBXVariantGroup section */

/* Begin XCBuildConfiguration section */
		B13CEFD62540FAFB00957E84 /* Debug */ = {
			isa = XCBuildConfiguration;
			buildSettings = {
				ALWAYS_SEARCH_USER_PATHS = NO;
				CLANG_ANALYZER_NONNULL = YES;
				CLANG_ANALYZER_NUMBER_OBJECT_CONVERSION = YES_AGGRESSIVE;
				CLANG_CXX_LANGUAGE_STANDARD = "gnu++14";
				CLANG_CXX_LIBRARY = "libc++";
				CLANG_ENABLE_MODULES = YES;
				CLANG_ENABLE_OBJC_ARC = YES;
				CLANG_ENABLE_OBJC_WEAK = YES;
				CLANG_WARN_BLOCK_CAPTURE_AUTORELEASING = YES;
				CLANG_WARN_BOOL_CONVERSION = YES;
				CLANG_WARN_COMMA = YES;
				CLANG_WARN_CONSTANT_CONVERSION = YES;
				CLANG_WARN_DEPRECATED_OBJC_IMPLEMENTATIONS = YES;
				CLANG_WARN_DIRECT_OBJC_ISA_USAGE = YES_ERROR;
				CLANG_WARN_DOCUMENTATION_COMMENTS = YES;
				CLANG_WARN_EMPTY_BODY = YES;
				CLANG_WARN_ENUM_CONVERSION = YES;
				CLANG_WARN_INFINITE_RECURSION = YES;
				CLANG_WARN_INT_CONVERSION = YES;
				CLANG_WARN_NON_LITERAL_NULL_CONVERSION = YES;
				CLANG_WARN_OBJC_IMPLICIT_RETAIN_SELF = YES;
				CLANG_WARN_OBJC_LITERAL_CONVERSION = YES;
				CLANG_WARN_OBJC_ROOT_CLASS = YES_ERROR;
				CLANG_WARN_QUOTED_INCLUDE_IN_FRAMEWORK_HEADER = YES;
				CLANG_WARN_RANGE_LOOP_ANALYSIS = YES;
				CLANG_WARN_STRICT_PROTOTYPES = YES;
				CLANG_WARN_SUSPICIOUS_MOVE = YES;
				CLANG_WARN_UNGUARDED_AVAILABILITY = YES_AGGRESSIVE;
				CLANG_WARN_UNREACHABLE_CODE = YES;
				CLANG_WARN__DUPLICATE_METHOD_MATCH = YES;
				COPY_PHASE_STRIP = NO;
				DEBUG_INFORMATION_FORMAT = dwarf;
				ENABLE_STRICT_OBJC_MSGSEND = YES;
				ENABLE_TESTABILITY = YES;
				GCC_C_LANGUAGE_STANDARD = gnu11;
				GCC_DYNAMIC_NO_PIC = NO;
				GCC_NO_COMMON_BLOCKS = YES;
				GCC_OPTIMIZATION_LEVEL = 0;
				GCC_PREPROCESSOR_DEFINITIONS = (
					"DEBUG=1",
					"$(inherited)",
				);
				GCC_WARN_64_TO_32_BIT_CONVERSION = YES;
				GCC_WARN_ABOUT_RETURN_TYPE = YES_ERROR;
				GCC_WARN_UNDECLARED_SELECTOR = YES;
				GCC_WARN_UNINITIALIZED_AUTOS = YES_AGGRESSIVE;
				GCC_WARN_UNUSED_FUNCTION = YES;
				GCC_WARN_UNUSED_VARIABLE = YES;
				IPHONEOS_DEPLOYMENT_TARGET = 14.1;
				MTL_ENABLE_DEBUG_INFO = INCLUDE_SOURCE;
				MTL_FAST_MATH = YES;
				ONLY_ACTIVE_ARCH = YES;
				SDKROOT = iphoneos;
				SWIFT_ACTIVE_COMPILATION_CONDITIONS = DEBUG;
				SWIFT_OPTIMIZATION_LEVEL = "-Onone";
			};
			name = Debug;
		};
		B13CEFD72540FAFB00957E84 /* Release */ = {
			isa = XCBuildConfiguration;
			buildSettings = {
				ALWAYS_SEARCH_USER_PATHS = NO;
				CLANG_ANALYZER_NONNULL = YES;
				CLANG_ANALYZER_NUMBER_OBJECT_CONVERSION = YES_AGGRESSIVE;
				CLANG_CXX_LANGUAGE_STANDARD = "gnu++14";
				CLANG_CXX_LIBRARY = "libc++";
				CLANG_ENABLE_MODULES = YES;
				CLANG_ENABLE_OBJC_ARC = YES;
				CLANG_ENABLE_OBJC_WEAK = YES;
				CLANG_WARN_BLOCK_CAPTURE_AUTORELEASING = YES;
				CLANG_WARN_BOOL_CONVERSION = YES;
				CLANG_WARN_COMMA = YES;
				CLANG_WARN_CONSTANT_CONVERSION = YES;
				CLANG_WARN_DEPRECATED_OBJC_IMPLEMENTATIONS = YES;
				CLANG_WARN_DIRECT_OBJC_ISA_USAGE = YES_ERROR;
				CLANG_WARN_DOCUMENTATION_COMMENTS = YES;
				CLANG_WARN_EMPTY_BODY = YES;
				CLANG_WARN_ENUM_CONVERSION = YES;
				CLANG_WARN_INFINITE_RECURSION = YES;
				CLANG_WARN_INT_CONVERSION = YES;
				CLANG_WARN_NON_LITERAL_NULL_CONVERSION = YES;
				CLANG_WARN_OBJC_IMPLICIT_RETAIN_SELF = YES;
				CLANG_WARN_OBJC_LITERAL_CONVERSION = YES;
				CLANG_WARN_OBJC_ROOT_CLASS = YES_ERROR;
				CLANG_WARN_QUOTED_INCLUDE_IN_FRAMEWORK_HEADER = YES;
				CLANG_WARN_RANGE_LOOP_ANALYSIS = YES;
				CLANG_WARN_STRICT_PROTOTYPES = YES;
				CLANG_WARN_SUSPICIOUS_MOVE = YES;
				CLANG_WARN_UNGUARDED_AVAILABILITY = YES_AGGRESSIVE;
				CLANG_WARN_UNREACHABLE_CODE = YES;
				CLANG_WARN__DUPLICATE_METHOD_MATCH = YES;
				COPY_PHASE_STRIP = NO;
				DEBUG_INFORMATION_FORMAT = "dwarf-with-dsym";
				ENABLE_NS_ASSERTIONS = NO;
				ENABLE_STRICT_OBJC_MSGSEND = YES;
				GCC_C_LANGUAGE_STANDARD = gnu11;
				GCC_NO_COMMON_BLOCKS = YES;
				GCC_WARN_64_TO_32_BIT_CONVERSION = YES;
				GCC_WARN_ABOUT_RETURN_TYPE = YES_ERROR;
				GCC_WARN_UNDECLARED_SELECTOR = YES;
				GCC_WARN_UNINITIALIZED_AUTOS = YES_AGGRESSIVE;
				GCC_WARN_UNUSED_FUNCTION = YES;
				GCC_WARN_UNUSED_VARIABLE = YES;
				IPHONEOS_DEPLOYMENT_TARGET = 14.1;
				MTL_ENABLE_DEBUG_INFO = NO;
				MTL_FAST_MATH = YES;
				SDKROOT = iphoneos;
				SWIFT_COMPILATION_MODE = wholemodule;
				SWIFT_OPTIMIZATION_LEVEL = "-O";
				VALIDATE_PRODUCT = YES;
			};
			name = Release;
		};
		B13CEFD92540FAFB00957E84 /* Debug */ = {
			isa = XCBuildConfiguration;
			buildSettings = {
				ASSETCATALOG_COMPILER_APPICON_NAME = AppIcon;
				ASSETCATALOG_COMPILER_GLOBAL_ACCENT_COLOR_NAME = AccentColor;
				CODE_SIGN_ENTITLEMENTS = FIT5140Assignment3iOS/FIT5140Assignment3iOS.entitlements;
				CODE_SIGN_STYLE = Automatic;
				DEVELOPMENT_TEAM = "";
				INFOPLIST_FILE = FIT5140Assignment3iOS/Info.plist;
				LD_RUNPATH_SEARCH_PATHS = (
					"$(inherited)",
					"@executable_path/Frameworks",
				);
				PRODUCT_BUNDLE_IDENTIFIER = com.datong.FIT5140Assignment3iOS;
				PRODUCT_NAME = "$(TARGET_NAME)";
				SUPPORTS_MACCATALYST = NO;
				SWIFT_VERSION = 5.0;
				TARGETED_DEVICE_FAMILY = "1,2";
			};
			name = Debug;
		};
		B13CEFDA2540FAFB00957E84 /* Release */ = {
			isa = XCBuildConfiguration;
			buildSettings = {
				ASSETCATALOG_COMPILER_APPICON_NAME = AppIcon;
				ASSETCATALOG_COMPILER_GLOBAL_ACCENT_COLOR_NAME = AccentColor;
				CODE_SIGN_ENTITLEMENTS = FIT5140Assignment3iOS/FIT5140Assignment3iOS.entitlements;
				CODE_SIGN_STYLE = Automatic;
				DEVELOPMENT_TEAM = "";
				INFOPLIST_FILE = FIT5140Assignment3iOS/Info.plist;
				LD_RUNPATH_SEARCH_PATHS = (
					"$(inherited)",
					"@executable_path/Frameworks",
				);
				PRODUCT_BUNDLE_IDENTIFIER = com.datong.FIT5140Assignment3iOS;
				PRODUCT_NAME = "$(TARGET_NAME)";
				SUPPORTS_MACCATALYST = NO;
				SWIFT_VERSION = 5.0;
				TARGETED_DEVICE_FAMILY = "1,2";
			};
			name = Release;
		};
/* End XCBuildConfiguration section */

/* Begin XCConfigurationList section */
		B13CEFBF2540FAF900957E84 /* Build configuration list for PBXProject "FIT5140Assignment3iOS" */ = {
			isa = XCConfigurationList;
			buildConfigurations = (
				B13CEFD62540FAFB00957E84 /* Debug */,
				B13CEFD72540FAFB00957E84 /* Release */,
			);
			defaultConfigurationIsVisible = 0;
			defaultConfigurationName = Release;
		};
		B13CEFD82540FAFB00957E84 /* Build configuration list for PBXNativeTarget "FIT5140Assignment3iOS" */ = {
			isa = XCConfigurationList;
			buildConfigurations = (
				B13CEFD92540FAFB00957E84 /* Debug */,
				B13CEFDA2540FAFB00957E84 /* Release */,
			);
			defaultConfigurationIsVisible = 0;
			defaultConfigurationName = Release;
		};
/* End XCConfigurationList section */
	};
	rootObject = B13CEFBC2540FAF900957E84 /* Project object */;
}
