// !$*UTF8*$!
{
	archiveVersion = 1;
	classes = {
	};
	objectVersion = 51;
	objects = {

/* Begin PBXBuildFile section */
		B10185D42553D4B000A5A11A /* SearchPlaceRequest.swift in Sources */ = {isa = PBXBuildFile; fileRef = B10185D32553D4B000A5A11A /* SearchPlaceRequest.swift */; };
		B10185D72553D6DF00A5A11A /* SearchPlaceResponse.swift in Sources */ = {isa = PBXBuildFile; fileRef = B10185D62553D6DF00A5A11A /* SearchPlaceResponse.swift */; };
		B13C25FB254936B1008EBDE3 /* GoogleService-Info.plist in Resources */ = {isa = PBXBuildFile; fileRef = B13C25FA254936B1008EBDE3 /* GoogleService-Info.plist */; };
		B13C2609254AAA69008EBDE3 /* ScrollableViewController.swift in Sources */ = {isa = PBXBuildFile; fileRef = B13C2608254AAA69008EBDE3 /* ScrollableViewController.swift */; };
		B13C260F254AB8AA008EBDE3 /* BottomScrollableView.swift in Sources */ = {isa = PBXBuildFile; fileRef = B13C260E254AB8AA008EBDE3 /* BottomScrollableView.swift */; };
		B13CEFC82540FAF900957E84 /* AppDelegate.swift in Sources */ = {isa = PBXBuildFile; fileRef = B13CEFC72540FAF900957E84 /* AppDelegate.swift */; };
		B13CEFCA2540FAF900957E84 /* SceneDelegate.swift in Sources */ = {isa = PBXBuildFile; fileRef = B13CEFC92540FAF900957E84 /* SceneDelegate.swift */; };
		B13CEFCC2540FAF900957E84 /* ViewController.swift in Sources */ = {isa = PBXBuildFile; fileRef = B13CEFCB2540FAF900957E84 /* ViewController.swift */; };
		B13CEFCF2540FAF900957E84 /* Main.storyboard in Resources */ = {isa = PBXBuildFile; fileRef = B13CEFCD2540FAF900957E84 /* Main.storyboard */; };
		B13CEFD12540FAFB00957E84 /* Assets.xcassets in Resources */ = {isa = PBXBuildFile; fileRef = B13CEFD02540FAFB00957E84 /* Assets.xcassets */; };
		B13CEFD42540FAFB00957E84 /* LaunchScreen.storyboard in Resources */ = {isa = PBXBuildFile; fileRef = B13CEFD22540FAFB00957E84 /* LaunchScreen.storyboard */; };
		B13CEFDF2540FD7A00957E84 /* RestfulAPI.swift in Sources */ = {isa = PBXBuildFile; fileRef = B13CEFDE2540FD7A00957E84 /* RestfulAPI.swift */; };
		B13CEFE32540FDC900957E84 /* RestfulModel.swift in Sources */ = {isa = PBXBuildFile; fileRef = B13CEFE22540FDC900957E84 /* RestfulModel.swift */; };
		B13CEFE625410B6F00957E84 /* NetworkExtension.swift in Sources */ = {isa = PBXBuildFile; fileRef = B13CEFE525410B6F00957E84 /* NetworkExtension.swift */; };
		B13CEFE925410BA100957E84 /* NetworkRequestTask.swift in Sources */ = {isa = PBXBuildFile; fileRef = B13CEFE825410BA100957E84 /* NetworkRequestTask.swift */; };
		B13CEFED25410C9000957E84 /* ImageLoader.swift in Sources */ = {isa = PBXBuildFile; fileRef = B13CEFEC25410C9000957E84 /* ImageLoader.swift */; };
		B13CEFF125410D1500957E84 /* ImageExtension.swift in Sources */ = {isa = PBXBuildFile; fileRef = B13CEFF025410D1500957E84 /* ImageExtension.swift */; };
		B13CEFF425410D2B00957E84 /* ImagePicker.swift in Sources */ = {isa = PBXBuildFile; fileRef = B13CEFF325410D2B00957E84 /* ImagePicker.swift */; };
		B13CEFF825410D5F00957E84 /* UITextFieldHelper.swift in Sources */ = {isa = PBXBuildFile; fileRef = B13CEFF725410D5F00957E84 /* UITextFieldHelper.swift */; };
		B13CEFFC25410D7400957E84 /* ToastHelper.swift in Sources */ = {isa = PBXBuildFile; fileRef = B13CEFFB25410D7400957E84 /* ToastHelper.swift */; };
		B13CEFFF25410D9200957E84 /* AlertControllerHelper.swift in Sources */ = {isa = PBXBuildFile; fileRef = B13CEFFE25410D9200957E84 /* AlertControllerHelper.swift */; };
		B13CF0072541A8F200957E84 /* SpeedAlertView.xib in Resources */ = {isa = PBXBuildFile; fileRef = B13CF0062541A8F200957E84 /* SpeedAlertView.xib */; };
		B13CF00A2541A9B700957E84 /* SpeedAlertView.swift in Sources */ = {isa = PBXBuildFile; fileRef = B13CF0092541A9B700957E84 /* SpeedAlertView.swift */; };
		B13CF00E2541AA2000957E84 /* HomeViewController.swift in Sources */ = {isa = PBXBuildFile; fileRef = B13CF00D2541AA2000957E84 /* HomeViewController.swift */; };
		B1466EA32548EEE1008ED039 /* FirebaseController.swift in Sources */ = {isa = PBXBuildFile; fileRef = B1466EA22548EEE1008ED039 /* FirebaseController.swift */; };
		B1466EA62548EF16008ED039 /* SpeedRecord.swift in Sources */ = {isa = PBXBuildFile; fileRef = B1466EA52548EF16008ED039 /* SpeedRecord.swift */; };
		B1560241254EDB91003EF6B7 /* FacialInfoResponse.swift in Sources */ = {isa = PBXBuildFile; fileRef = B1560240254EDB91003EF6B7 /* FacialInfoResponse.swift */; };
		B15602602551654B003EF6B7 /* NearestRoadsRequest.swift in Sources */ = {isa = PBXBuildFile; fileRef = B156025F2551654B003EF6B7 /* NearestRoadsRequest.swift */; };
		B1560263255169AA003EF6B7 /* NearestRoadsResponse.swift in Sources */ = {isa = PBXBuildFile; fileRef = B1560262255169AA003EF6B7 /* NearestRoadsResponse.swift */; };
		B1560268255188E6003EF6B7 /* PlaceDetailResponse.swift in Sources */ = {isa = PBXBuildFile; fileRef = B1560267255188E6003EF6B7 /* PlaceDetailResponse.swift */; };
		B156026B25518A1A003EF6B7 /* PlaceDetailRequest.swift in Sources */ = {isa = PBXBuildFile; fileRef = B156026A25518A1A003EF6B7 /* PlaceDetailRequest.swift */; };
		B15602742552E0F7003EF6B7 /* SnapToRoadsResponse.swift in Sources */ = {isa = PBXBuildFile; fileRef = B15602732552E0F7003EF6B7 /* SnapToRoadsResponse.swift */; };
		B15602772552E18B003EF6B7 /* SnapToRoadsRequest.swift in Sources */ = {isa = PBXBuildFile; fileRef = B15602762552E18B003EF6B7 /* SnapToRoadsRequest.swift */; };
		B170FC6E25428CC20086F1D9 /* BaseUIView.swift in Sources */ = {isa = PBXBuildFile; fileRef = B170FC6D25428CC20086F1D9 /* BaseUIView.swift */; };
		B170FC74254290D00086F1D9 /* SpeedNotificationView.swift in Sources */ = {isa = PBXBuildFile; fileRef = B170FC73254290D00086F1D9 /* SpeedNotificationView.swift */; };
		B170FC77254290D90086F1D9 /* SpeedNotificationView.xib in Resources */ = {isa = PBXBuildFile; fileRef = B170FC76254290D90086F1D9 /* SpeedNotificationView.xib */; };
		B170FC7E254291B60086F1D9 /* CircleShapeView.swift in Sources */ = {isa = PBXBuildFile; fileRef = B170FC7D254291B60086F1D9 /* CircleShapeView.swift */; };
		B170FC812542B40F0086F1D9 /* CurrentSpeedInformationView.xib in Resources */ = {isa = PBXBuildFile; fileRef = B170FC802542B40F0086F1D9 /* CurrentSpeedInformationView.xib */; };
		B190D3C825447029002249BA /* SpeedNotificationSuperView.swift in Sources */ = {isa = PBXBuildFile; fileRef = B190D3C725447029002249BA /* SpeedNotificationSuperView.swift */; };
		B190D3CD25447113002249BA /* CurrentSpeedInformationSuperView.swift in Sources */ = {isa = PBXBuildFile; fileRef = B190D3CC25447113002249BA /* CurrentSpeedInformationSuperView.swift */; };
		B1A5E47A2547C59A00D8CCB0 /* GoogleAPIKey.swift in Sources */ = {isa = PBXBuildFile; fileRef = B1A5E4792547C59A00D8CCB0 /* GoogleAPIKey.swift */; };
		B1AB3A752542B70D0082B004 /* CurrentSpeedInformationView.swift in Sources */ = {isa = PBXBuildFile; fileRef = B1AB3A742542B70D0082B004 /* CurrentSpeedInformationView.swift */; };
		B1AB3A782542B9480082B004 /* RoadInformationViewController.swift in Sources */ = {isa = PBXBuildFile; fileRef = B1AB3A772542B9480082B004 /* RoadInformationViewController.swift */; };
		B1AB3A7B2542BC4A0082B004 /* BaseNetworkRequestControllerProtocol.swift in Sources */ = {isa = PBXBuildFile; fileRef = B1AB3A7A2542BC4A0082B004 /* BaseNetworkRequestControllerProtocol.swift */; };
		B1AB3A9925446A580082B004 /* SpeedAlertSuperView.swift in Sources */ = {isa = PBXBuildFile; fileRef = B1AB3A9825446A580082B004 /* SpeedAlertSuperView.swift */; };
		B1C10EBA25483C8B008BDC64 /* SpeedLimitResponse.swift in Sources */ = {isa = PBXBuildFile; fileRef = B1C10EB925483C8B008BDC64 /* SpeedLimitResponse.swift */; };
		B1C10EBD2548458A008BDC64 /* SpeedLimitRequest.swift in Sources */ = {isa = PBXBuildFile; fileRef = B1C10EBC2548458A008BDC64 /* SpeedLimitRequest.swift */; };
		B1DFBC99255AD613000B7256 /* UserSelectedRoad.swift in Sources */ = {isa = PBXBuildFile; fileRef = B1DFBC98255AD613000B7256 /* UserSelectedRoad.swift */; };
		E40448EC254C278700341510 /* RecordViewController.swift in Sources */ = {isa = PBXBuildFile; fileRef = E40448EB254C278700341510 /* RecordViewController.swift */; };
		E40D975C254437E90012DAB6 /* SearchAddressBottomCard.xib in Resources */ = {isa = PBXBuildFile; fileRef = E40D975B254437E90012DAB6 /* SearchAddressBottomCard.xib */; };
		E40D975F254438150012DAB6 /* SearchAddressBottomCard.swift in Sources */ = {isa = PBXBuildFile; fileRef = E40D975E254438150012DAB6 /* SearchAddressBottomCard.swift */; };
		E41FE640254E7A9C007FC19D /* RecordPageHeaderTableViewCell.swift in Sources */ = {isa = PBXBuildFile; fileRef = E41FE63E254E7A9C007FC19D /* RecordPageHeaderTableViewCell.swift */; };
		E41FE641254E7A9C007FC19D /* RecordPageHeaderTableViewCell.xib in Resources */ = {isa = PBXBuildFile; fileRef = E41FE63F254E7A9C007FC19D /* RecordPageHeaderTableViewCell.xib */; };
		E45B486D254CF66E00692A2E /* WormTabStripButton.swift in Sources */ = {isa = PBXBuildFile; fileRef = E45B486B254CF66D00692A2E /* WormTabStripButton.swift */; };
		E45B486E254CF66E00692A2E /* WormTabStrip.swift in Sources */ = {isa = PBXBuildFile; fileRef = E45B486C254CF66E00692A2E /* WormTabStrip.swift */; };
		E45B4875254CFF7600692A2E /* RecordBreakdownViewController.swift in Sources */ = {isa = PBXBuildFile; fileRef = E45B4874254CFF7600692A2E /* RecordBreakdownViewController.swift */; };
		E45B4879254D023600692A2E /* RecordBkdTableViewCell.swift in Sources */ = {isa = PBXBuildFile; fileRef = E45B4877254D023600692A2E /* RecordBkdTableViewCell.swift */; };
		E45B487A254D023600692A2E /* RecordBkdTableViewCell.xib in Resources */ = {isa = PBXBuildFile; fileRef = E45B4878254D023600692A2E /* RecordBkdTableViewCell.xib */; };
		E47A9E5C2556ECAF00A815B7 /* overspeed.wav in Resources */ = {isa = PBXBuildFile; fileRef = E47A9E5B2556ECAF00A815B7 /* overspeed.wav */; };
		E4BA6E7E25450307001D0CD7 /* BottomCardSpecifyCell.swift in Sources */ = {isa = PBXBuildFile; fileRef = E4BA6E7C25450307001D0CD7 /* BottomCardSpecifyCell.swift */; };
		E4BA6E7F25450307001D0CD7 /* BottomCardSpecifyCell.xib in Resources */ = {isa = PBXBuildFile; fileRef = E4BA6E7D25450307001D0CD7 /* BottomCardSpecifyCell.xib */; };
		E4BA6E8825452BF8001D0CD7 /* RoadsViewController.swift in Sources */ = {isa = PBXBuildFile; fileRef = E4BA6E8725452BF8001D0CD7 /* RoadsViewController.swift */; };
		E4D865E125458CB600465243 /* RoadInfoBottomCard.xib in Resources */ = {isa = PBXBuildFile; fileRef = E4D865E025458CB600465243 /* RoadInfoBottomCard.xib */; };
		E4D865E425458CE400465243 /* RoadInfoBottomCard.swift in Sources */ = {isa = PBXBuildFile; fileRef = E4D865E325458CE400465243 /* RoadInfoBottomCard.swift */; };
		E4D865E8254591B600465243 /* BottomCardImportantRoadCell.swift in Sources */ = {isa = PBXBuildFile; fileRef = E4D865E6254591B600465243 /* BottomCardImportantRoadCell.swift */; };
		E4D865E9254591B600465243 /* BottomCardImportantRoadCell.xib in Resources */ = {isa = PBXBuildFile; fileRef = E4D865E7254591B600465243 /* BottomCardImportantRoadCell.xib */; };
		E4DF3AE3255A140D004B96C5 /* ImportantPathTableViewContentCell.swift in Sources */ = {isa = PBXBuildFile; fileRef = E4DF3AE2255A140D004B96C5 /* ImportantPathTableViewContentCell.swift */; };
		E4DF3AE7255A141F004B96C5 /* ImportantPathTableViewHeaderCell.swift in Sources */ = {isa = PBXBuildFile; fileRef = E4DF3AE6255A141F004B96C5 /* ImportantPathTableViewHeaderCell.swift */; };
		E4E6FE872559711000DC8050 /* ImportantPathDetailViewController.swift in Sources */ = {isa = PBXBuildFile; fileRef = E4E6FE862559711000DC8050 /* ImportantPathDetailViewController.swift */; };
		E4EE85152554FBEF00208C71 /* RealmExtension.swift in Sources */ = {isa = PBXBuildFile; fileRef = E4EE85142554FBEF00208C71 /* RealmExtension.swift */; };
		E4F59EC72552DA8300286BE7 /* MulticastDelegate.swift in Sources */ = {isa = PBXBuildFile; fileRef = E4F59EC62552DA8300286BE7 /* MulticastDelegate.swift */; };
		E4FECFB3254F9ECF0072555F /* AnalysisViewController.swift in Sources */ = {isa = PBXBuildFile; fileRef = E4FECFB2254F9ECF0072555F /* AnalysisViewController.swift */; };
		E4FECFBE254FAEC90072555F /* DrienDistanceTableViewCell.swift in Sources */ = {isa = PBXBuildFile; fileRef = E4FECFBC254FAEC90072555F /* DrienDistanceTableViewCell.swift */; };
		E4FECFBF254FAEC90072555F /* DrienDistanceTableViewCell.xib in Resources */ = {isa = PBXBuildFile; fileRef = E4FECFBD254FAEC90072555F /* DrienDistanceTableViewCell.xib */; };
		E4FECFC3254FAEE60072555F /* DrivingStatusTableViewCell.swift in Sources */ = {isa = PBXBuildFile; fileRef = E4FECFC1254FAEE60072555F /* DrivingStatusTableViewCell.swift */; };
		E4FECFC4254FAEE60072555F /* DrivingStatusTableViewCell.xib in Resources */ = {isa = PBXBuildFile; fileRef = E4FECFC2254FAEE60072555F /* DrivingStatusTableViewCell.xib */; };
		E8D955A137BC189A0A93AC31 /* Pods_FIT5140Assignment3iOS.framework in Frameworks */ = {isa = PBXBuildFile; fileRef = 2FE65A1651A941B17AEF61CC /* Pods_FIT5140Assignment3iOS.framework */; };
/* End PBXBuildFile section */

/* Begin PBXFileReference section */
		2FE65A1651A941B17AEF61CC /* Pods_FIT5140Assignment3iOS.framework */ = {isa = PBXFileReference; explicitFileType = wrapper.framework; includeInIndex = 0; path = Pods_FIT5140Assignment3iOS.framework; sourceTree = BUILT_PRODUCTS_DIR; };
		61BD52B6593E674829C6363C /* Pods-FIT5140Assignment3iOS.debug.xcconfig */ = {isa = PBXFileReference; includeInIndex = 1; lastKnownFileType = text.xcconfig; name = "Pods-FIT5140Assignment3iOS.debug.xcconfig"; path = "Target Support Files/Pods-FIT5140Assignment3iOS/Pods-FIT5140Assignment3iOS.debug.xcconfig"; sourceTree = "<group>"; };
		80FBCD77DA47232EA3362492 /* Pods-FIT5140Assignment3iOS.release.xcconfig */ = {isa = PBXFileReference; includeInIndex = 1; lastKnownFileType = text.xcconfig; name = "Pods-FIT5140Assignment3iOS.release.xcconfig"; path = "Target Support Files/Pods-FIT5140Assignment3iOS/Pods-FIT5140Assignment3iOS.release.xcconfig"; sourceTree = "<group>"; };
		B10185D32553D4B000A5A11A /* SearchPlaceRequest.swift */ = {isa = PBXFileReference; lastKnownFileType = sourcecode.swift; path = SearchPlaceRequest.swift; sourceTree = "<group>"; };
		B10185D62553D6DF00A5A11A /* SearchPlaceResponse.swift */ = {isa = PBXFileReference; lastKnownFileType = sourcecode.swift; path = SearchPlaceResponse.swift; sourceTree = "<group>"; };
		B13C25FA254936B1008EBDE3 /* GoogleService-Info.plist */ = {isa = PBXFileReference; fileEncoding = 4; lastKnownFileType = text.plist.xml; path = "GoogleService-Info.plist"; sourceTree = "<group>"; };
		B13C2608254AAA69008EBDE3 /* ScrollableViewController.swift */ = {isa = PBXFileReference; lastKnownFileType = sourcecode.swift; path = ScrollableViewController.swift; sourceTree = "<group>"; };
		B13C260E254AB8AA008EBDE3 /* BottomScrollableView.swift */ = {isa = PBXFileReference; lastKnownFileType = sourcecode.swift; path = BottomScrollableView.swift; sourceTree = "<group>"; };
		B13CEFC42540FAF900957E84 /* FIT5140Assignment3iOS.app */ = {isa = PBXFileReference; explicitFileType = wrapper.application; includeInIndex = 0; path = FIT5140Assignment3iOS.app; sourceTree = BUILT_PRODUCTS_DIR; };
		B13CEFC72540FAF900957E84 /* AppDelegate.swift */ = {isa = PBXFileReference; lastKnownFileType = sourcecode.swift; path = AppDelegate.swift; sourceTree = "<group>"; };
		B13CEFC92540FAF900957E84 /* SceneDelegate.swift */ = {isa = PBXFileReference; lastKnownFileType = sourcecode.swift; path = SceneDelegate.swift; sourceTree = "<group>"; };
		B13CEFCB2540FAF900957E84 /* ViewController.swift */ = {isa = PBXFileReference; lastKnownFileType = sourcecode.swift; path = ViewController.swift; sourceTree = "<group>"; };
		B13CEFCE2540FAF900957E84 /* Base */ = {isa = PBXFileReference; lastKnownFileType = file.storyboard; name = Base; path = Base.lproj/Main.storyboard; sourceTree = "<group>"; };
		B13CEFD02540FAFB00957E84 /* Assets.xcassets */ = {isa = PBXFileReference; lastKnownFileType = folder.assetcatalog; path = Assets.xcassets; sourceTree = "<group>"; };
		B13CEFD32540FAFB00957E84 /* Base */ = {isa = PBXFileReference; lastKnownFileType = file.storyboard; name = Base; path = Base.lproj/LaunchScreen.storyboard; sourceTree = "<group>"; };
		B13CEFD52540FAFB00957E84 /* Info.plist */ = {isa = PBXFileReference; lastKnownFileType = text.plist.xml; path = Info.plist; sourceTree = "<group>"; };
		B13CEFDE2540FD7A00957E84 /* RestfulAPI.swift */ = {isa = PBXFileReference; lastKnownFileType = sourcecode.swift; path = RestfulAPI.swift; sourceTree = "<group>"; };
		B13CEFE22540FDC900957E84 /* RestfulModel.swift */ = {isa = PBXFileReference; lastKnownFileType = sourcecode.swift; path = RestfulModel.swift; sourceTree = "<group>"; };
		B13CEFE525410B6F00957E84 /* NetworkExtension.swift */ = {isa = PBXFileReference; lastKnownFileType = sourcecode.swift; path = NetworkExtension.swift; sourceTree = "<group>"; };
		B13CEFE825410BA100957E84 /* NetworkRequestTask.swift */ = {isa = PBXFileReference; lastKnownFileType = sourcecode.swift; path = NetworkRequestTask.swift; sourceTree = "<group>"; };
		B13CEFEC25410C9000957E84 /* ImageLoader.swift */ = {isa = PBXFileReference; lastKnownFileType = sourcecode.swift; path = ImageLoader.swift; sourceTree = "<group>"; };
		B13CEFF025410D1500957E84 /* ImageExtension.swift */ = {isa = PBXFileReference; lastKnownFileType = sourcecode.swift; path = ImageExtension.swift; sourceTree = "<group>"; };
		B13CEFF325410D2B00957E84 /* ImagePicker.swift */ = {isa = PBXFileReference; lastKnownFileType = sourcecode.swift; path = ImagePicker.swift; sourceTree = "<group>"; };
		B13CEFF725410D5F00957E84 /* UITextFieldHelper.swift */ = {isa = PBXFileReference; lastKnownFileType = sourcecode.swift; path = UITextFieldHelper.swift; sourceTree = "<group>"; };
		B13CEFFB25410D7400957E84 /* ToastHelper.swift */ = {isa = PBXFileReference; lastKnownFileType = sourcecode.swift; path = ToastHelper.swift; sourceTree = "<group>"; };
		B13CEFFE25410D9200957E84 /* AlertControllerHelper.swift */ = {isa = PBXFileReference; lastKnownFileType = sourcecode.swift; path = AlertControllerHelper.swift; sourceTree = "<group>"; };
		B13CF0062541A8F200957E84 /* SpeedAlertView.xib */ = {isa = PBXFileReference; lastKnownFileType = file.xib; path = SpeedAlertView.xib; sourceTree = "<group>"; };
		B13CF0092541A9B700957E84 /* SpeedAlertView.swift */ = {isa = PBXFileReference; lastKnownFileType = sourcecode.swift; path = SpeedAlertView.swift; sourceTree = "<group>"; };
		B13CF00D2541AA2000957E84 /* HomeViewController.swift */ = {isa = PBXFileReference; lastKnownFileType = sourcecode.swift; path = HomeViewController.swift; sourceTree = "<group>"; };
		B1466EA22548EEE1008ED039 /* FirebaseController.swift */ = {isa = PBXFileReference; lastKnownFileType = sourcecode.swift; path = FirebaseController.swift; sourceTree = "<group>"; };
		B1466EA52548EF16008ED039 /* SpeedRecord.swift */ = {isa = PBXFileReference; lastKnownFileType = sourcecode.swift; path = SpeedRecord.swift; sourceTree = "<group>"; };
		B1560240254EDB91003EF6B7 /* FacialInfoResponse.swift */ = {isa = PBXFileReference; lastKnownFileType = sourcecode.swift; path = FacialInfoResponse.swift; sourceTree = "<group>"; };
		B156025F2551654B003EF6B7 /* NearestRoadsRequest.swift */ = {isa = PBXFileReference; lastKnownFileType = sourcecode.swift; path = NearestRoadsRequest.swift; sourceTree = "<group>"; };
		B1560262255169AA003EF6B7 /* NearestRoadsResponse.swift */ = {isa = PBXFileReference; lastKnownFileType = sourcecode.swift; path = NearestRoadsResponse.swift; sourceTree = "<group>"; };
		B1560267255188E6003EF6B7 /* PlaceDetailResponse.swift */ = {isa = PBXFileReference; lastKnownFileType = sourcecode.swift; path = PlaceDetailResponse.swift; sourceTree = "<group>"; };
		B156026A25518A1A003EF6B7 /* PlaceDetailRequest.swift */ = {isa = PBXFileReference; lastKnownFileType = sourcecode.swift; path = PlaceDetailRequest.swift; sourceTree = "<group>"; };
		B15602732552E0F7003EF6B7 /* SnapToRoadsResponse.swift */ = {isa = PBXFileReference; lastKnownFileType = sourcecode.swift; path = SnapToRoadsResponse.swift; sourceTree = "<group>"; };
		B15602762552E18B003EF6B7 /* SnapToRoadsRequest.swift */ = {isa = PBXFileReference; lastKnownFileType = sourcecode.swift; path = SnapToRoadsRequest.swift; sourceTree = "<group>"; };
		B170FC6D25428CC20086F1D9 /* BaseUIView.swift */ = {isa = PBXFileReference; lastKnownFileType = sourcecode.swift; path = BaseUIView.swift; sourceTree = "<group>"; };
		B170FC7025428F660086F1D9 /* FIT5140Assignment3iOS.entitlements */ = {isa = PBXFileReference; lastKnownFileType = text.plist.entitlements; path = FIT5140Assignment3iOS.entitlements; sourceTree = "<group>"; };
		B170FC73254290D00086F1D9 /* SpeedNotificationView.swift */ = {isa = PBXFileReference; lastKnownFileType = sourcecode.swift; path = SpeedNotificationView.swift; sourceTree = "<group>"; };
		B170FC76254290D90086F1D9 /* SpeedNotificationView.xib */ = {isa = PBXFileReference; lastKnownFileType = file.xib; path = SpeedNotificationView.xib; sourceTree = "<group>"; };
		B170FC7D254291B60086F1D9 /* CircleShapeView.swift */ = {isa = PBXFileReference; lastKnownFileType = sourcecode.swift; path = CircleShapeView.swift; sourceTree = "<group>"; };
		B170FC802542B40F0086F1D9 /* CurrentSpeedInformationView.xib */ = {isa = PBXFileReference; lastKnownFileType = file.xib; path = CurrentSpeedInformationView.xib; sourceTree = "<group>"; };
		B190D3C725447029002249BA /* SpeedNotificationSuperView.swift */ = {isa = PBXFileReference; lastKnownFileType = sourcecode.swift; path = SpeedNotificationSuperView.swift; sourceTree = "<group>"; };
		B190D3CC25447113002249BA /* CurrentSpeedInformationSuperView.swift */ = {isa = PBXFileReference; lastKnownFileType = sourcecode.swift; path = CurrentSpeedInformationSuperView.swift; sourceTree = "<group>"; };
		B1A5E4792547C59A00D8CCB0 /* GoogleAPIKey.swift */ = {isa = PBXFileReference; lastKnownFileType = sourcecode.swift; path = GoogleAPIKey.swift; sourceTree = "<group>"; };
		B1AB3A742542B70D0082B004 /* CurrentSpeedInformationView.swift */ = {isa = PBXFileReference; lastKnownFileType = sourcecode.swift; path = CurrentSpeedInformationView.swift; sourceTree = "<group>"; };
		B1AB3A772542B9480082B004 /* RoadInformationViewController.swift */ = {isa = PBXFileReference; lastKnownFileType = sourcecode.swift; path = RoadInformationViewController.swift; sourceTree = "<group>"; };
		B1AB3A7A2542BC4A0082B004 /* BaseNetworkRequestControllerProtocol.swift */ = {isa = PBXFileReference; lastKnownFileType = sourcecode.swift; path = BaseNetworkRequestControllerProtocol.swift; sourceTree = "<group>"; };
		B1AB3A9825446A580082B004 /* SpeedAlertSuperView.swift */ = {isa = PBXFileReference; lastKnownFileType = sourcecode.swift; path = SpeedAlertSuperView.swift; sourceTree = "<group>"; };
		B1C10EB925483C8B008BDC64 /* SpeedLimitResponse.swift */ = {isa = PBXFileReference; lastKnownFileType = sourcecode.swift; path = SpeedLimitResponse.swift; sourceTree = "<group>"; };
		B1C10EBC2548458A008BDC64 /* SpeedLimitRequest.swift */ = {isa = PBXFileReference; lastKnownFileType = sourcecode.swift; path = SpeedLimitRequest.swift; sourceTree = "<group>"; };
		B1DFBC98255AD613000B7256 /* UserSelectedRoad.swift */ = {isa = PBXFileReference; lastKnownFileType = sourcecode.swift; path = UserSelectedRoad.swift; sourceTree = "<group>"; };
		E40448EB254C278700341510 /* RecordViewController.swift */ = {isa = PBXFileReference; lastKnownFileType = sourcecode.swift; path = RecordViewController.swift; sourceTree = "<group>"; };
		E40D975B254437E90012DAB6 /* SearchAddressBottomCard.xib */ = {isa = PBXFileReference; lastKnownFileType = file.xib; path = SearchAddressBottomCard.xib; sourceTree = "<group>"; };
		E40D975E254438150012DAB6 /* SearchAddressBottomCard.swift */ = {isa = PBXFileReference; lastKnownFileType = sourcecode.swift; path = SearchAddressBottomCard.swift; sourceTree = "<group>"; };
		E41FE63E254E7A9C007FC19D /* RecordPageHeaderTableViewCell.swift */ = {isa = PBXFileReference; lastKnownFileType = sourcecode.swift; path = RecordPageHeaderTableViewCell.swift; sourceTree = "<group>"; };
		E41FE63F254E7A9C007FC19D /* RecordPageHeaderTableViewCell.xib */ = {isa = PBXFileReference; lastKnownFileType = file.xib; path = RecordPageHeaderTableViewCell.xib; sourceTree = "<group>"; };
		E45B486B254CF66D00692A2E /* WormTabStripButton.swift */ = {isa = PBXFileReference; fileEncoding = 4; lastKnownFileType = sourcecode.swift; path = WormTabStripButton.swift; sourceTree = "<group>"; };
		E45B486C254CF66E00692A2E /* WormTabStrip.swift */ = {isa = PBXFileReference; fileEncoding = 4; lastKnownFileType = sourcecode.swift; path = WormTabStrip.swift; sourceTree = "<group>"; };
		E45B4874254CFF7600692A2E /* RecordBreakdownViewController.swift */ = {isa = PBXFileReference; lastKnownFileType = sourcecode.swift; path = RecordBreakdownViewController.swift; sourceTree = "<group>"; };
		E45B4877254D023600692A2E /* RecordBkdTableViewCell.swift */ = {isa = PBXFileReference; lastKnownFileType = sourcecode.swift; path = RecordBkdTableViewCell.swift; sourceTree = "<group>"; };
		E45B4878254D023600692A2E /* RecordBkdTableViewCell.xib */ = {isa = PBXFileReference; lastKnownFileType = file.xib; path = RecordBkdTableViewCell.xib; sourceTree = "<group>"; };
		E47A9E5B2556ECAF00A815B7 /* overspeed.wav */ = {isa = PBXFileReference; lastKnownFileType = audio.wav; path = overspeed.wav; sourceTree = "<group>"; };
		E4BA6E7C25450307001D0CD7 /* BottomCardSpecifyCell.swift */ = {isa = PBXFileReference; lastKnownFileType = sourcecode.swift; path = BottomCardSpecifyCell.swift; sourceTree = "<group>"; };
		E4BA6E7D25450307001D0CD7 /* BottomCardSpecifyCell.xib */ = {isa = PBXFileReference; lastKnownFileType = file.xib; path = BottomCardSpecifyCell.xib; sourceTree = "<group>"; };
		E4BA6E8725452BF8001D0CD7 /* RoadsViewController.swift */ = {isa = PBXFileReference; lastKnownFileType = sourcecode.swift; path = RoadsViewController.swift; sourceTree = "<group>"; };
		E4D865E025458CB600465243 /* RoadInfoBottomCard.xib */ = {isa = PBXFileReference; lastKnownFileType = file.xib; path = RoadInfoBottomCard.xib; sourceTree = "<group>"; };
		E4D865E325458CE400465243 /* RoadInfoBottomCard.swift */ = {isa = PBXFileReference; lastKnownFileType = sourcecode.swift; path = RoadInfoBottomCard.swift; sourceTree = "<group>"; };
		E4D865E6254591B600465243 /* BottomCardImportantRoadCell.swift */ = {isa = PBXFileReference; lastKnownFileType = sourcecode.swift; path = BottomCardImportantRoadCell.swift; sourceTree = "<group>"; };
		E4D865E7254591B600465243 /* BottomCardImportantRoadCell.xib */ = {isa = PBXFileReference; lastKnownFileType = file.xib; path = BottomCardImportantRoadCell.xib; sourceTree = "<group>"; };
		E4DF3AE2255A140D004B96C5 /* ImportantPathTableViewContentCell.swift */ = {isa = PBXFileReference; lastKnownFileType = sourcecode.swift; path = ImportantPathTableViewContentCell.swift; sourceTree = "<group>"; };
		E4DF3AE6255A141F004B96C5 /* ImportantPathTableViewHeaderCell.swift */ = {isa = PBXFileReference; lastKnownFileType = sourcecode.swift; path = ImportantPathTableViewHeaderCell.swift; sourceTree = "<group>"; };
		E4E6FE862559711000DC8050 /* ImportantPathDetailViewController.swift */ = {isa = PBXFileReference; lastKnownFileType = sourcecode.swift; path = ImportantPathDetailViewController.swift; sourceTree = "<group>"; };
		E4EE85142554FBEF00208C71 /* RealmExtension.swift */ = {isa = PBXFileReference; lastKnownFileType = sourcecode.swift; path = RealmExtension.swift; sourceTree = "<group>"; };
		E4F59EC62552DA8300286BE7 /* MulticastDelegate.swift */ = {isa = PBXFileReference; lastKnownFileType = sourcecode.swift; path = MulticastDelegate.swift; sourceTree = "<group>"; };
		E4FECFB2254F9ECF0072555F /* AnalysisViewController.swift */ = {isa = PBXFileReference; lastKnownFileType = sourcecode.swift; path = AnalysisViewController.swift; sourceTree = "<group>"; };
		E4FECFBC254FAEC90072555F /* DrienDistanceTableViewCell.swift */ = {isa = PBXFileReference; lastKnownFileType = sourcecode.swift; path = DrienDistanceTableViewCell.swift; sourceTree = "<group>"; };
		E4FECFBD254FAEC90072555F /* DrienDistanceTableViewCell.xib */ = {isa = PBXFileReference; lastKnownFileType = file.xib; path = DrienDistanceTableViewCell.xib; sourceTree = "<group>"; };
		E4FECFC1254FAEE60072555F /* DrivingStatusTableViewCell.swift */ = {isa = PBXFileReference; lastKnownFileType = sourcecode.swift; path = DrivingStatusTableViewCell.swift; sourceTree = "<group>"; };
		E4FECFC2254FAEE60072555F /* DrivingStatusTableViewCell.xib */ = {isa = PBXFileReference; lastKnownFileType = file.xib; path = DrivingStatusTableViewCell.xib; sourceTree = "<group>"; };
/* End PBXFileReference section */

/* Begin PBXFrameworksBuildPhase section */
		B13CEFC12540FAF900957E84 /* Frameworks */ = {
			isa = PBXFrameworksBuildPhase;
			buildActionMask = 2147483647;
			files = (
				E8D955A137BC189A0A93AC31 /* Pods_FIT5140Assignment3iOS.framework in Frameworks */,
			);
			runOnlyForDeploymentPostprocessing = 0;
		};
/* End PBXFrameworksBuildPhase section */

/* Begin PBXGroup section */
		56E05301689D88178E1D7668 /* Pods */ = {
			isa = PBXGroup;
			children = (
				61BD52B6593E674829C6363C /* Pods-FIT5140Assignment3iOS.debug.xcconfig */,
				80FBCD77DA47232EA3362492 /* Pods-FIT5140Assignment3iOS.release.xcconfig */,
			);
			path = Pods;
			sourceTree = "<group>";
		};
		9231846CD7472655ADB0C135 /* Frameworks */ = {
			isa = PBXGroup;
			children = (
				2FE65A1651A941B17AEF61CC /* Pods_FIT5140Assignment3iOS.framework */,
			);
			name = Frameworks;
			sourceTree = "<group>";
		};
		B13C2602254AA0E7008EBDE3 /* CustomView */ = {
			isa = PBXGroup;
			children = (
				B13C2608254AAA69008EBDE3 /* ScrollableViewController.swift */,
				B13C260E254AB8AA008EBDE3 /* BottomScrollableView.swift */,
			);
			path = CustomView;
			sourceTree = "<group>";
		};
		B13CEFBB2540FAF900957E84 = {
			isa = PBXGroup;
			children = (
				B13CEFC62540FAF900957E84 /* FIT5140Assignment3iOS */,
				B13CEFC52540FAF900957E84 /* Products */,
				56E05301689D88178E1D7668 /* Pods */,
				9231846CD7472655ADB0C135 /* Frameworks */,
			);
			sourceTree = "<group>";
		};
		B13CEFC52540FAF900957E84 /* Products */ = {
			isa = PBXGroup;
			children = (
				B13CEFC42540FAF900957E84 /* FIT5140Assignment3iOS.app */,
			);
			name = Products;
			sourceTree = "<group>";
		};
		B13CEFC62540FAF900957E84 /* FIT5140Assignment3iOS */ = {
			isa = PBXGroup;
			children = (
				B170FC7025428F660086F1D9 /* FIT5140Assignment3iOS.entitlements */,
				B13C25FA254936B1008EBDE3 /* GoogleService-Info.plist */,
				E47A9E4F2556BF7100A815B7 /* SoundFile */,
				B13CEFDC2540FD4A00957E84 /* Network */,
				B13CF00C2541A9FE00957E84 /* Controller */,
				B13CF0012541766000957E84 /* Views */,
				B13CEFF625410D4E00957E84 /* ControllerHelper */,
				B13CEFEB25410C8200957E84 /* ImageHelper */,
				B13CEFC72540FAF900957E84 /* AppDelegate.swift */,
				B13CEFC92540FAF900957E84 /* SceneDelegate.swift */,
				B13CEFCB2540FAF900957E84 /* ViewController.swift */,
				B13CEFCD2540FAF900957E84 /* Main.storyboard */,
				B13CEFD02540FAFB00957E84 /* Assets.xcassets */,
				B13CEFD22540FAFB00957E84 /* LaunchScreen.storyboard */,
				B13CEFD52540FAFB00957E84 /* Info.plist */,
				B1A5E4792547C59A00D8CCB0 /* GoogleAPIKey.swift */,
			);
			path = FIT5140Assignment3iOS;
			sourceTree = "<group>";
		};
		B13CEFDC2540FD4A00957E84 /* Network */ = {
			isa = PBXGroup;
			children = (
				B1AB3A8B2544608D0082B004 /* Response */,
				B1AB3A8625445FD50082B004 /* RequestModel */,
				B13CEFDD2540FD5100957E84 /* Protocol */,
				B13CEFE525410B6F00957E84 /* NetworkExtension.swift */,
				B13CEFE825410BA100957E84 /* NetworkRequestTask.swift */,
				B1466EA22548EEE1008ED039 /* FirebaseController.swift */,
				E4F59EC62552DA8300286BE7 /* MulticastDelegate.swift */,
			);
			path = Network;
			sourceTree = "<group>";
		};
		B13CEFDD2540FD5100957E84 /* Protocol */ = {
			isa = PBXGroup;
			children = (
				B13CEFDE2540FD7A00957E84 /* RestfulAPI.swift */,
				B13CEFE22540FDC900957E84 /* RestfulModel.swift */,
			);
			path = Protocol;
			sourceTree = "<group>";
		};
		B13CEFEB25410C8200957E84 /* ImageHelper */ = {
			isa = PBXGroup;
			children = (
				B13CEFEC25410C9000957E84 /* ImageLoader.swift */,
				B13CEFF025410D1500957E84 /* ImageExtension.swift */,
				B13CEFF325410D2B00957E84 /* ImagePicker.swift */,
			);
			path = ImageHelper;
			sourceTree = "<group>";
		};
		B13CEFF625410D4E00957E84 /* ControllerHelper */ = {
			isa = PBXGroup;
			children = (
				B13CEFF725410D5F00957E84 /* UITextFieldHelper.swift */,
				B13CEFFB25410D7400957E84 /* ToastHelper.swift */,
				B13CEFFE25410D9200957E84 /* AlertControllerHelper.swift */,
				E4EE85142554FBEF00208C71 /* RealmExtension.swift */,
			);
			path = ControllerHelper;
			sourceTree = "<group>";
		};
		B13CF0012541766000957E84 /* Views */ = {
			isa = PBXGroup;
			children = (
				E4DF3AE1255A13DE004B96C5 /* ImportantPathDetailCells */,
				B170FC6D25428CC20086F1D9 /* BaseUIView.swift */,
				B170FC7D254291B60086F1D9 /* CircleShapeView.swift */,
				E4FECFBB254FAE8F0072555F /* AnalysisPageCells */,
				B13C2602254AA0E7008EBDE3 /* CustomView */,
				B190D3CB25447102002249BA /* RoadPage */,
				B190D3C525446FFE002249BA /* HomePage */,
				B1AB3AA025446D0B0082B004 /* SuperViews */,
				E45B486A254CF60100692A2E /* BottomCard */,
				E45B4869254CF5F400692A2E /* TopScrollTabBar */,
			);
			path = Views;
			sourceTree = "<group>";
		};
		B13CF00C2541A9FE00957E84 /* Controller */ = {
			isa = PBXGroup;
			children = (
				B13CF00D2541AA2000957E84 /* HomeViewController.swift */,
				B1AB3A772542B9480082B004 /* RoadInformationViewController.swift */,
				B1AB3A7A2542BC4A0082B004 /* BaseNetworkRequestControllerProtocol.swift */,
				E4BA6E8725452BF8001D0CD7 /* RoadsViewController.swift */,
				E40448EB254C278700341510 /* RecordViewController.swift */,
				E4FECFB2254F9ECF0072555F /* AnalysisViewController.swift */,
				E4E6FE862559711000DC8050 /* ImportantPathDetailViewController.swift */,
			);
			path = Controller;
			sourceTree = "<group>";
		};
		B190D3C525446FFE002249BA /* HomePage */ = {
			isa = PBXGroup;
			children = (
				B13CF0062541A8F200957E84 /* SpeedAlertView.xib */,
				B13CF0092541A9B700957E84 /* SpeedAlertView.swift */,
				B170FC73254290D00086F1D9 /* SpeedNotificationView.swift */,
				B170FC76254290D90086F1D9 /* SpeedNotificationView.xib */,
			);
			path = HomePage;
			sourceTree = "<group>";
		};
		B190D3CB25447102002249BA /* RoadPage */ = {
			isa = PBXGroup;
			children = (
				B170FC802542B40F0086F1D9 /* CurrentSpeedInformationView.xib */,
				B1AB3A742542B70D0082B004 /* CurrentSpeedInformationView.swift */,
			);
			path = RoadPage;
			sourceTree = "<group>";
		};
		B1AB3A8625445FD50082B004 /* RequestModel */ = {
			isa = PBXGroup;
			children = (
				B1C10EBC2548458A008BDC64 /* SpeedLimitRequest.swift */,
				B1466EA52548EF16008ED039 /* SpeedRecord.swift */,
				B15602762552E18B003EF6B7 /* SnapToRoadsRequest.swift */,
				B156025F2551654B003EF6B7 /* NearestRoadsRequest.swift */,
				B156026A25518A1A003EF6B7 /* PlaceDetailRequest.swift */,
				B10185D32553D4B000A5A11A /* SearchPlaceRequest.swift */,
			);
			path = RequestModel;
			sourceTree = "<group>";
		};
		B1AB3A8B2544608D0082B004 /* Response */ = {
			isa = PBXGroup;
			children = (
				B1C10EB925483C8B008BDC64 /* SpeedLimitResponse.swift */,
				B1560240254EDB91003EF6B7 /* FacialInfoResponse.swift */,
				B1560262255169AA003EF6B7 /* NearestRoadsResponse.swift */,
				B1560267255188E6003EF6B7 /* PlaceDetailResponse.swift */,
				B15602732552E0F7003EF6B7 /* SnapToRoadsResponse.swift */,
				B10185D62553D6DF00A5A11A /* SearchPlaceResponse.swift */,
				B1DFBC98255AD613000B7256 /* UserSelectedRoad.swift */,
			);
			path = Response;
			sourceTree = "<group>";
		};
		B1AB3AA025446D0B0082B004 /* SuperViews */ = {
			isa = PBXGroup;
			children = (
				B190D3CC25447113002249BA /* CurrentSpeedInformationSuperView.swift */,
				B1AB3A9825446A580082B004 /* SpeedAlertSuperView.swift */,
				B190D3C725447029002249BA /* SpeedNotificationSuperView.swift */,
			);
			path = SuperViews;
			sourceTree = "<group>";
		};
		E45B4869254CF5F400692A2E /* TopScrollTabBar */ = {
			isa = PBXGroup;
			children = (
				E45B486C254CF66E00692A2E /* WormTabStrip.swift */,
				E45B486B254CF66D00692A2E /* WormTabStripButton.swift */,
				E45B4874254CFF7600692A2E /* RecordBreakdownViewController.swift */,
				E45B4877254D023600692A2E /* RecordBkdTableViewCell.swift */,
				E45B4878254D023600692A2E /* RecordBkdTableViewCell.xib */,
				E41FE63E254E7A9C007FC19D /* RecordPageHeaderTableViewCell.swift */,
				E41FE63F254E7A9C007FC19D /* RecordPageHeaderTableViewCell.xib */,
			);
			path = TopScrollTabBar;
			sourceTree = "<group>";
		};
		E45B486A254CF60100692A2E /* BottomCard */ = {
			isa = PBXGroup;
			children = (
				E40D975B254437E90012DAB6 /* SearchAddressBottomCard.xib */,
				E40D975E254438150012DAB6 /* SearchAddressBottomCard.swift */,
				E4BA6E7C25450307001D0CD7 /* BottomCardSpecifyCell.swift */,
				E4BA6E7D25450307001D0CD7 /* BottomCardSpecifyCell.xib */,
				E4D865E025458CB600465243 /* RoadInfoBottomCard.xib */,
				E4D865E325458CE400465243 /* RoadInfoBottomCard.swift */,
				E4D865E6254591B600465243 /* BottomCardImportantRoadCell.swift */,
				E4D865E7254591B600465243 /* BottomCardImportantRoadCell.xib */,
			);
			path = BottomCard;
			sourceTree = "<group>";
		};
		E47A9E4F2556BF7100A815B7 /* SoundFile */ = {
			isa = PBXGroup;
			children = (
				E47A9E5B2556ECAF00A815B7 /* overspeed.wav */,
			);
			path = SoundFile;
			sourceTree = "<group>";
		};
		E4DF3AE1255A13DE004B96C5 /* ImportantPathDetailCells */ = {
			isa = PBXGroup;
			children = (
				E4DF3AE2255A140D004B96C5 /* ImportantPathTableViewContentCell.swift */,
				E4DF3AE6255A141F004B96C5 /* ImportantPathTableViewHeaderCell.swift */,
			);
			path = ImportantPathDetailCells;
			sourceTree = "<group>";
		};
		E4FECFBB254FAE8F0072555F /* AnalysisPageCells */ = {
			isa = PBXGroup;
			children = (
				E4FECFBC254FAEC90072555F /* DrienDistanceTableViewCell.swift */,
				E4FECFBD254FAEC90072555F /* DrienDistanceTableViewCell.xib */,
				E4FECFC1254FAEE60072555F /* DrivingStatusTableViewCell.swift */,
				E4FECFC2254FAEE60072555F /* DrivingStatusTableViewCell.xib */,
			);
			path = AnalysisPageCells;
			sourceTree = "<group>";
		};
/* End PBXGroup section */

/* Begin PBXNativeTarget section */
		B13CEFC32540FAF900957E84 /* FIT5140Assignment3iOS */ = {
			isa = PBXNativeTarget;
			buildConfigurationList = B13CEFD82540FAFB00957E84 /* Build configuration list for PBXNativeTarget "FIT5140Assignment3iOS" */;
			buildPhases = (
				7EAAEAAECE5DD82BD089969E /* [CP] Check Pods Manifest.lock */,
				B13CEFC02540FAF900957E84 /* Sources */,
				B13CEFC12540FAF900957E84 /* Frameworks */,
				B13CEFC22540FAF900957E84 /* Resources */,
				ED03690B2B56B6B7401322F1 /* [CP] Copy Pods Resources */,
				61DEC99657D1D39CCB6AACED /* [CP] Embed Pods Frameworks */,
			);
			buildRules = (
			);
			dependencies = (
			);
			name = FIT5140Assignment3iOS;
			productName = FIT5140Assignment3iOS;
			productReference = B13CEFC42540FAF900957E84 /* FIT5140Assignment3iOS.app */;
			productType = "com.apple.product-type.application";
		};
/* End PBXNativeTarget section */

/* Begin PBXProject section */
		B13CEFBC2540FAF900957E84 /* Project object */ = {
			isa = PBXProject;
			attributes = {
				LastSwiftUpdateCheck = 1210;
				LastUpgradeCheck = 1210;
				TargetAttributes = {
					B13CEFC32540FAF900957E84 = {
						CreatedOnToolsVersion = 12.1;
					};
				};
			};
			buildConfigurationList = B13CEFBF2540FAF900957E84 /* Build configuration list for PBXProject "FIT5140Assignment3iOS" */;
			compatibilityVersion = "Xcode 9.3";
			developmentRegion = en;
			hasScannedForEncodings = 0;
			knownRegions = (
				en,
				Base,
			);
			mainGroup = B13CEFBB2540FAF900957E84;
			productRefGroup = B13CEFC52540FAF900957E84 /* Products */;
			projectDirPath = "";
			projectRoot = "";
			targets = (
				B13CEFC32540FAF900957E84 /* FIT5140Assignment3iOS */,
			);
		};
/* End PBXProject section */

/* Begin PBXResourcesBuildPhase section */
		B13CEFC22540FAF900957E84 /* Resources */ = {
			isa = PBXResourcesBuildPhase;
			buildActionMask = 2147483647;
			files = (
				E4FECFC4254FAEE60072555F /* DrivingStatusTableViewCell.xib in Resources */,
				B170FC77254290D90086F1D9 /* SpeedNotificationView.xib in Resources */,
				B13CEFD42540FAFB00957E84 /* LaunchScreen.storyboard in Resources */,
				B13CEFD12540FAFB00957E84 /* Assets.xcassets in Resources */,
				E41FE641254E7A9C007FC19D /* RecordPageHeaderTableViewCell.xib in Resources */,
				E4D865E125458CB600465243 /* RoadInfoBottomCard.xib in Resources */,
				E47A9E5C2556ECAF00A815B7 /* overspeed.wav in Resources */,
				B170FC812542B40F0086F1D9 /* CurrentSpeedInformationView.xib in Resources */,
				E4D865E9254591B600465243 /* BottomCardImportantRoadCell.xib in Resources */,
				E45B487A254D023600692A2E /* RecordBkdTableViewCell.xib in Resources */,
				E4BA6E7F25450307001D0CD7 /* BottomCardSpecifyCell.xib in Resources */,
				B13CEFCF2540FAF900957E84 /* Main.storyboard in Resources */,
				B13C25FB254936B1008EBDE3 /* GoogleService-Info.plist in Resources */,
				E40D975C254437E90012DAB6 /* SearchAddressBottomCard.xib in Resources */,
				B13CF0072541A8F200957E84 /* SpeedAlertView.xib in Resources */,
				E4FECFBF254FAEC90072555F /* DrienDistanceTableViewCell.xib in Resources */,
			);
			runOnlyForDeploymentPostprocessing = 0;
		};
/* End PBXResourcesBuildPhase section */

/* Begin PBXShellScriptBuildPhase section */
		61DEC99657D1D39CCB6AACED /* [CP] Embed Pods Frameworks */ = {
			isa = PBXShellScriptBuildPhase;
			buildActionMask = 2147483647;
			files = (
			);
			inputFileListPaths = (
				"${PODS_ROOT}/Target Support Files/Pods-FIT5140Assignment3iOS/Pods-FIT5140Assignment3iOS-frameworks-${CONFIGURATION}-input-files.xcfilelist",
			);
			name = "[CP] Embed Pods Frameworks";
			outputFileListPaths = (
				"${PODS_ROOT}/Target Support Files/Pods-FIT5140Assignment3iOS/Pods-FIT5140Assignment3iOS-frameworks-${CONFIGURATION}-output-files.xcfilelist",
			);
			runOnlyForDeploymentPostprocessing = 0;
			shellPath = /bin/sh;
			shellScript = "\"${PODS_ROOT}/Target Support Files/Pods-FIT5140Assignment3iOS/Pods-FIT5140Assignment3iOS-frameworks.sh\"\n";
			showEnvVarsInLog = 0;
		};
		7EAAEAAECE5DD82BD089969E /* [CP] Check Pods Manifest.lock */ = {
			isa = PBXShellScriptBuildPhase;
			buildActionMask = 2147483647;
			files = (
			);
			inputFileListPaths = (
			);
			inputPaths = (
				"${PODS_PODFILE_DIR_PATH}/Podfile.lock",
				"${PODS_ROOT}/Manifest.lock",
			);
			name = "[CP] Check Pods Manifest.lock";
			outputFileListPaths = (
			);
			outputPaths = (
				"$(DERIVED_FILE_DIR)/Pods-FIT5140Assignment3iOS-checkManifestLockResult.txt",
			);
			runOnlyForDeploymentPostprocessing = 0;
			shellPath = /bin/sh;
			shellScript = "diff \"${PODS_PODFILE_DIR_PATH}/Podfile.lock\" \"${PODS_ROOT}/Manifest.lock\" > /dev/null\nif [ $? != 0 ] ; then\n    # print error to STDERR\n    echo \"error: The sandbox is not in sync with the Podfile.lock. Run 'pod install' or update your CocoaPods installation.\" >&2\n    exit 1\nfi\n# This output is used by Xcode 'outputs' to avoid re-running this script phase.\necho \"SUCCESS\" > \"${SCRIPT_OUTPUT_FILE_0}\"\n";
			showEnvVarsInLog = 0;
		};
		ED03690B2B56B6B7401322F1 /* [CP] Copy Pods Resources */ = {
			isa = PBXShellScriptBuildPhase;
			buildActionMask = 2147483647;
			files = (
			);
			inputFileListPaths = (
				"${PODS_ROOT}/Target Support Files/Pods-FIT5140Assignment3iOS/Pods-FIT5140Assignment3iOS-resources-${CONFIGURATION}-input-files.xcfilelist",
			);
			name = "[CP] Copy Pods Resources";
			outputFileListPaths = (
				"${PODS_ROOT}/Target Support Files/Pods-FIT5140Assignment3iOS/Pods-FIT5140Assignment3iOS-resources-${CONFIGURATION}-output-files.xcfilelist",
			);
			runOnlyForDeploymentPostprocessing = 0;
			shellPath = /bin/sh;
			shellScript = "\"${PODS_ROOT}/Target Support Files/Pods-FIT5140Assignment3iOS/Pods-FIT5140Assignment3iOS-resources.sh\"\n";
			showEnvVarsInLog = 0;
		};
/* End PBXShellScriptBuildPhase section */

/* Begin PBXSourcesBuildPhase section */
		B13CEFC02540FAF900957E84 /* Sources */ = {
			isa = PBXSourcesBuildPhase;
			buildActionMask = 2147483647;
			files = (
				B156026B25518A1A003EF6B7 /* PlaceDetailRequest.swift in Sources */,
				E4FECFBE254FAEC90072555F /* DrienDistanceTableViewCell.swift in Sources */,
				E45B486E254CF66E00692A2E /* WormTabStrip.swift in Sources */,
				B13CEFCC2540FAF900957E84 /* ViewController.swift in Sources */,
				B10185D72553D6DF00A5A11A /* SearchPlaceResponse.swift in Sources */,
				E4EE85152554FBEF00208C71 /* RealmExtension.swift in Sources */,
				B13C2609254AAA69008EBDE3 /* ScrollableViewController.swift in Sources */,
				B13CEFE32540FDC900957E84 /* RestfulModel.swift in Sources */,
				E45B486D254CF66E00692A2E /* WormTabStripButton.swift in Sources */,
				B190D3C825447029002249BA /* SpeedNotificationSuperView.swift in Sources */,
				B13CEFE625410B6F00957E84 /* NetworkExtension.swift in Sources */,
				B13CEFC82540FAF900957E84 /* AppDelegate.swift in Sources */,
				B1A5E47A2547C59A00D8CCB0 /* GoogleAPIKey.swift in Sources */,
				B1560268255188E6003EF6B7 /* PlaceDetailResponse.swift in Sources */,
				B170FC7E254291B60086F1D9 /* CircleShapeView.swift in Sources */,
				E4BA6E7E25450307001D0CD7 /* BottomCardSpecifyCell.swift in Sources */,
				E4DF3AE7255A141F004B96C5 /* ImportantPathTableViewHeaderCell.swift in Sources */,
				B15602602551654B003EF6B7 /* NearestRoadsRequest.swift in Sources */,
				E4D865E8254591B600465243 /* BottomCardImportantRoadCell.swift in Sources */,
				E41FE640254E7A9C007FC19D /* RecordPageHeaderTableViewCell.swift in Sources */,
				B1466EA32548EEE1008ED039 /* FirebaseController.swift in Sources */,
				E4FECFB3254F9ECF0072555F /* AnalysisViewController.swift in Sources */,
				B1AB3A782542B9480082B004 /* RoadInformationViewController.swift in Sources */,
				B1AB3A752542B70D0082B004 /* CurrentSpeedInformationView.swift in Sources */,
				B15602742552E0F7003EF6B7 /* SnapToRoadsResponse.swift in Sources */,
				B1C10EBD2548458A008BDC64 /* SpeedLimitRequest.swift in Sources */,
				E4DF3AE3255A140D004B96C5 /* ImportantPathTableViewContentCell.swift in Sources */,
				B1560241254EDB91003EF6B7 /* FacialInfoResponse.swift in Sources */,
				B1AB3A9925446A580082B004 /* SpeedAlertSuperView.swift in Sources */,
				E40D975F254438150012DAB6 /* SearchAddressBottomCard.swift in Sources */,
				B13C260F254AB8AA008EBDE3 /* BottomScrollableView.swift in Sources */,
				B13CEFE925410BA100957E84 /* NetworkRequestTask.swift in Sources */,
				E40448EC254C278700341510 /* RecordViewController.swift in Sources */,
				B13CF00E2541AA2000957E84 /* HomeViewController.swift in Sources */,
				B190D3CD25447113002249BA /* CurrentSpeedInformationSuperView.swift in Sources */,
				B170FC74254290D00086F1D9 /* SpeedNotificationView.swift in Sources */,
				B13CEFF825410D5F00957E84 /* UITextFieldHelper.swift in Sources */,
				E4F59EC72552DA8300286BE7 /* MulticastDelegate.swift in Sources */,
				E45B4875254CFF7600692A2E /* RecordBreakdownViewController.swift in Sources */,
				B1DFBC99255AD613000B7256 /* UserSelectedRoad.swift in Sources */,
				B1560263255169AA003EF6B7 /* NearestRoadsResponse.swift in Sources */,
				E4D865E425458CE400465243 /* RoadInfoBottomCard.swift in Sources */,
				B13CEFDF2540FD7A00957E84 /* RestfulAPI.swift in Sources */,
				B13CEFFC25410D7400957E84 /* ToastHelper.swift in Sources */,
				B13CEFED25410C9000957E84 /* ImageLoader.swift in Sources */,
				E4FECFC3254FAEE60072555F /* DrivingStatusTableViewCell.swift in Sources */,
				E45B4879254D023600692A2E /* RecordBkdTableViewCell.swift in Sources */,
				E4BA6E8825452BF8001D0CD7 /* RoadsViewController.swift in Sources */,
				B15602772552E18B003EF6B7 /* SnapToRoadsRequest.swift in Sources */,
				B13CEFF425410D2B00957E84 /* ImagePicker.swift in Sources */,
				B10185D42553D4B000A5A11A /* SearchPlaceRequest.swift in Sources */,
				B1466EA62548EF16008ED039 /* SpeedRecord.swift in Sources */,
				B13CEFF125410D1500957E84 /* ImageExtension.swift in Sources */,
				B13CEFFF25410D9200957E84 /* AlertControllerHelper.swift in Sources */,
				B1C10EBA25483C8B008BDC64 /* SpeedLimitResponse.swift in Sources */,
				E4E6FE872559711000DC8050 /* ImportantPathDetailViewController.swift in Sources */,
				B13CEFCA2540FAF900957E84 /* SceneDelegate.swift in Sources */,
				B13CF00A2541A9B700957E84 /* SpeedAlertView.swift in Sources */,
				B1AB3A7B2542BC4A0082B004 /* BaseNetworkRequestControllerProtocol.swift in Sources */,
				B170FC6E25428CC20086F1D9 /* BaseUIView.swift in Sources */,
			);
			runOnlyForDeploymentPostprocessing = 0;
		};
/* End PBXSourcesBuildPhase section */

/* Begin PBXVariantGroup section */
		B13CEFCD2540FAF900957E84 /* Main.storyboard */ = {
			isa = PBXVariantGroup;
			children = (
				B13CEFCE2540FAF900957E84 /* Base */,
			);
			name = Main.storyboard;
			sourceTree = "<group>";
		};
		B13CEFD22540FAFB00957E84 /* LaunchScreen.storyboard */ = {
			isa = PBXVariantGroup;
			children = (
				B13CEFD32540FAFB00957E84 /* Base */,
			);
			name = LaunchScreen.storyboard;
			sourceTree = "<group>";
		};
/* End PBXVariantGroup section */

/* Begin XCBuildConfiguration section */
		B13CEFD62540FAFB00957E84 /* Debug */ = {
			isa = XCBuildConfiguration;
			buildSettings = {
				ALWAYS_SEARCH_USER_PATHS = NO;
				CLANG_ANALYZER_NONNULL = YES;
				CLANG_ANALYZER_NUMBER_OBJECT_CONVERSION = YES_AGGRESSIVE;
				CLANG_CXX_LANGUAGE_STANDARD = "gnu++14";
				CLANG_CXX_LIBRARY = "libc++";
				CLANG_ENABLE_MODULES = YES;
				CLANG_ENABLE_OBJC_ARC = YES;
				CLANG_ENABLE_OBJC_WEAK = YES;
				CLANG_WARN_BLOCK_CAPTURE_AUTORELEASING = YES;
				CLANG_WARN_BOOL_CONVERSION = YES;
				CLANG_WARN_COMMA = YES;
				CLANG_WARN_CONSTANT_CONVERSION = YES;
				CLANG_WARN_DEPRECATED_OBJC_IMPLEMENTATIONS = YES;
				CLANG_WARN_DIRECT_OBJC_ISA_USAGE = YES_ERROR;
				CLANG_WARN_DOCUMENTATION_COMMENTS = YES;
				CLANG_WARN_EMPTY_BODY = YES;
				CLANG_WARN_ENUM_CONVERSION = YES;
				CLANG_WARN_INFINITE_RECURSION = YES;
				CLANG_WARN_INT_CONVERSION = YES;
				CLANG_WARN_NON_LITERAL_NULL_CONVERSION = YES;
				CLANG_WARN_OBJC_IMPLICIT_RETAIN_SELF = YES;
				CLANG_WARN_OBJC_LITERAL_CONVERSION = YES;
				CLANG_WARN_OBJC_ROOT_CLASS = YES_ERROR;
				CLANG_WARN_QUOTED_INCLUDE_IN_FRAMEWORK_HEADER = YES;
				CLANG_WARN_RANGE_LOOP_ANALYSIS = YES;
				CLANG_WARN_STRICT_PROTOTYPES = YES;
				CLANG_WARN_SUSPICIOUS_MOVE = YES;
				CLANG_WARN_UNGUARDED_AVAILABILITY = YES_AGGRESSIVE;
				CLANG_WARN_UNREACHABLE_CODE = YES;
				CLANG_WARN__DUPLICATE_METHOD_MATCH = YES;
				COPY_PHASE_STRIP = NO;
				DEBUG_INFORMATION_FORMAT = dwarf;
				ENABLE_STRICT_OBJC_MSGSEND = YES;
				ENABLE_TESTABILITY = YES;
				GCC_C_LANGUAGE_STANDARD = gnu11;
				GCC_DYNAMIC_NO_PIC = NO;
				GCC_NO_COMMON_BLOCKS = YES;
				GCC_OPTIMIZATION_LEVEL = 0;
				GCC_PREPROCESSOR_DEFINITIONS = (
					"DEBUG=1",
					"$(inherited)",
				);
				GCC_WARN_64_TO_32_BIT_CONVERSION = YES;
				GCC_WARN_ABOUT_RETURN_TYPE = YES_ERROR;
				GCC_WARN_UNDECLARED_SELECTOR = YES;
				GCC_WARN_UNINITIALIZED_AUTOS = YES_AGGRESSIVE;
				GCC_WARN_UNUSED_FUNCTION = YES;
				GCC_WARN_UNUSED_VARIABLE = YES;
				IPHONEOS_DEPLOYMENT_TARGET = 14.1;
				MTL_ENABLE_DEBUG_INFO = INCLUDE_SOURCE;
				MTL_FAST_MATH = YES;
				ONLY_ACTIVE_ARCH = YES;
				SDKROOT = iphoneos;
				SWIFT_ACTIVE_COMPILATION_CONDITIONS = DEBUG;
				SWIFT_OPTIMIZATION_LEVEL = "-Onone";
			};
			name = Debug;
		};
		B13CEFD72540FAFB00957E84 /* Release */ = {
			isa = XCBuildConfiguration;
			buildSettings = {
				ALWAYS_SEARCH_USER_PATHS = NO;
				CLANG_ANALYZER_NONNULL = YES;
				CLANG_ANALYZER_NUMBER_OBJECT_CONVERSION = YES_AGGRESSIVE;
				CLANG_CXX_LANGUAGE_STANDARD = "gnu++14";
				CLANG_CXX_LIBRARY = "libc++";
				CLANG_ENABLE_MODULES = YES;
				CLANG_ENABLE_OBJC_ARC = YES;
				CLANG_ENABLE_OBJC_WEAK = YES;
				CLANG_WARN_BLOCK_CAPTURE_AUTORELEASING = YES;
				CLANG_WARN_BOOL_CONVERSION = YES;
				CLANG_WARN_COMMA = YES;
				CLANG_WARN_CONSTANT_CONVERSION = YES;
				CLANG_WARN_DEPRECATED_OBJC_IMPLEMENTATIONS = YES;
				CLANG_WARN_DIRECT_OBJC_ISA_USAGE = YES_ERROR;
				CLANG_WARN_DOCUMENTATION_COMMENTS = YES;
				CLANG_WARN_EMPTY_BODY = YES;
				CLANG_WARN_ENUM_CONVERSION = YES;
				CLANG_WARN_INFINITE_RECURSION = YES;
				CLANG_WARN_INT_CONVERSION = YES;
				CLANG_WARN_NON_LITERAL_NULL_CONVERSION = YES;
				CLANG_WARN_OBJC_IMPLICIT_RETAIN_SELF = YES;
				CLANG_WARN_OBJC_LITERAL_CONVERSION = YES;
				CLANG_WARN_OBJC_ROOT_CLASS = YES_ERROR;
				CLANG_WARN_QUOTED_INCLUDE_IN_FRAMEWORK_HEADER = YES;
				CLANG_WARN_RANGE_LOOP_ANALYSIS = YES;
				CLANG_WARN_STRICT_PROTOTYPES = YES;
				CLANG_WARN_SUSPICIOUS_MOVE = YES;
				CLANG_WARN_UNGUARDED_AVAILABILITY = YES_AGGRESSIVE;
				CLANG_WARN_UNREACHABLE_CODE = YES;
				CLANG_WARN__DUPLICATE_METHOD_MATCH = YES;
				COPY_PHASE_STRIP = NO;
				DEBUG_INFORMATION_FORMAT = "dwarf-with-dsym";
				ENABLE_NS_ASSERTIONS = NO;
				ENABLE_STRICT_OBJC_MSGSEND = YES;
				GCC_C_LANGUAGE_STANDARD = gnu11;
				GCC_NO_COMMON_BLOCKS = YES;
				GCC_WARN_64_TO_32_BIT_CONVERSION = YES;
				GCC_WARN_ABOUT_RETURN_TYPE = YES_ERROR;
				GCC_WARN_UNDECLARED_SELECTOR = YES;
				GCC_WARN_UNINITIALIZED_AUTOS = YES_AGGRESSIVE;
				GCC_WARN_UNUSED_FUNCTION = YES;
				GCC_WARN_UNUSED_VARIABLE = YES;
				IPHONEOS_DEPLOYMENT_TARGET = 14.1;
				MTL_ENABLE_DEBUG_INFO = NO;
				MTL_FAST_MATH = YES;
				SDKROOT = iphoneos;
				SWIFT_COMPILATION_MODE = wholemodule;
				SWIFT_OPTIMIZATION_LEVEL = "-O";
				VALIDATE_PRODUCT = YES;
			};
			name = Release;
		};
		B13CEFD92540FAFB00957E84 /* Debug */ = {
			isa = XCBuildConfiguration;
			baseConfigurationReference = 61BD52B6593E674829C6363C /* Pods-FIT5140Assignment3iOS.debug.xcconfig */;
			buildSettings = {
				ASSETCATALOG_COMPILER_APPICON_NAME = AppIcon;
				ASSETCATALOG_COMPILER_GLOBAL_ACCENT_COLOR_NAME = AccentColor;
				CODE_SIGN_ENTITLEMENTS = FIT5140Assignment3iOS/FIT5140Assignment3iOS.entitlements;
				CODE_SIGN_STYLE = Automatic;
				DEVELOPMENT_TEAM = "";
				INFOPLIST_FILE = FIT5140Assignment3iOS/Info.plist;
				LD_RUNPATH_SEARCH_PATHS = (
					"$(inherited)",
					"@executable_path/Frameworks",
				);
				PRODUCT_BUNDLE_IDENTIFIER = com.datong.FIT5140Assignment3iOS;
				PRODUCT_NAME = "$(TARGET_NAME)";
				SUPPORTS_MACCATALYST = NO;
				SWIFT_VERSION = 5.0;
				TARGETED_DEVICE_FAMILY = "1,2";
			};
			name = Debug;
		};
		B13CEFDA2540FAFB00957E84 /* Release */ = {
			isa = XCBuildConfiguration;
			baseConfigurationReference = 80FBCD77DA47232EA3362492 /* Pods-FIT5140Assignment3iOS.release.xcconfig */;
			buildSettings = {
				ASSETCATALOG_COMPILER_APPICON_NAME = AppIcon;
				ASSETCATALOG_COMPILER_GLOBAL_ACCENT_COLOR_NAME = AccentColor;
				CODE_SIGN_ENTITLEMENTS = FIT5140Assignment3iOS/FIT5140Assignment3iOS.entitlements;
				CODE_SIGN_STYLE = Automatic;
				DEVELOPMENT_TEAM = "";
				INFOPLIST_FILE = FIT5140Assignment3iOS/Info.plist;
				LD_RUNPATH_SEARCH_PATHS = (
					"$(inherited)",
					"@executable_path/Frameworks",
				);
				PRODUCT_BUNDLE_IDENTIFIER = com.datong.FIT5140Assignment3iOS;
				PRODUCT_NAME = "$(TARGET_NAME)";
				SUPPORTS_MACCATALYST = NO;
				SWIFT_VERSION = 5.0;
				TARGETED_DEVICE_FAMILY = "1,2";
			};
			name = Release;
		};
/* End XCBuildConfiguration section */

/* Begin XCConfigurationList section */
		B13CEFBF2540FAF900957E84 /* Build configuration list for PBXProject "FIT5140Assignment3iOS" */ = {
			isa = XCConfigurationList;
			buildConfigurations = (
				B13CEFD62540FAFB00957E84 /* Debug */,
				B13CEFD72540FAFB00957E84 /* Release */,
			);
			defaultConfigurationIsVisible = 0;
			defaultConfigurationName = Release;
		};
		B13CEFD82540FAFB00957E84 /* Build configuration list for PBXNativeTarget "FIT5140Assignment3iOS" */ = {
			isa = XCConfigurationList;
			buildConfigurations = (
				B13CEFD92540FAFB00957E84 /* Debug */,
				B13CEFDA2540FAFB00957E84 /* Release */,
			);
			defaultConfigurationIsVisible = 0;
			defaultConfigurationName = Release;
		};
/* End XCConfigurationList section */
	};
	rootObject = B13CEFBC2540FAF900957E84 /* Project object */;
}
